// !$*UTF8*$!
{
	archiveVersion = 1;
	classes = {
	};
	objectVersion = 51;
	objects = {

/* Begin PBXBuildFile section */
		8F50B495E291246FEE91BF4F /* Pods_Kids_Safe_Heaven.framework in Frameworks */ = {isa = PBXBuildFile; fileRef = 56C119D106DF637D27F76702 /* Pods_Kids_Safe_Heaven.framework */; };
		FC10ED3924EC13A200C11DB0 /* AppDelegate.swift in Sources */ = {isa = PBXBuildFile; fileRef = FC10ED3824EC13A200C11DB0 /* AppDelegate.swift */; };
		FC10ED3B24EC13A200C11DB0 /* SceneDelegate.swift in Sources */ = {isa = PBXBuildFile; fileRef = FC10ED3A24EC13A200C11DB0 /* SceneDelegate.swift */; };
		FC10ED4024EC13A200C11DB0 /* Main.storyboard in Resources */ = {isa = PBXBuildFile; fileRef = FC10ED3E24EC13A200C11DB0 /* Main.storyboard */; };
		FC10ED4224EC13A600C11DB0 /* Assets.xcassets in Resources */ = {isa = PBXBuildFile; fileRef = FC10ED4124EC13A600C11DB0 /* Assets.xcassets */; };
		FC10ED4524EC13A600C11DB0 /* LaunchScreen.storyboard in Resources */ = {isa = PBXBuildFile; fileRef = FC10ED4324EC13A600C11DB0 /* LaunchScreen.storyboard */; };
		FC2C232325307C92003E711B /* ThingsCarry.swift in Sources */ = {isa = PBXBuildFile; fileRef = FC2C232225307C92003E711B /* ThingsCarry.swift */; };
		FC2EB66B2512089500657F48 /* Equipments.swift in Sources */ = {isa = PBXBuildFile; fileRef = FC2EB66A2512089500657F48 /* Equipments.swift */; };
		FC40063C253AA977009AB157 /* YoutubeInstructionViewController.swift in Sources */ = {isa = PBXBuildFile; fileRef = FC40063B253AA977009AB157 /* YoutubeInstructionViewController.swift */; };
		FC40FC1A2531786700081F1F /* EachThingsCollectionViewCell.swift in Sources */ = {isa = PBXBuildFile; fileRef = FC40FC192531786700081F1F /* EachThingsCollectionViewCell.swift */; };
		FC433F58250E41DC00110C97 /* RecommendedParkHomeViewController.swift in Sources */ = {isa = PBXBuildFile; fileRef = FC433F57250E41DC00110C97 /* RecommendedParkHomeViewController.swift */; };
		FC433F5A250E4B0700110C97 /* ParkDataCollectionViewCell.swift in Sources */ = {isa = PBXBuildFile; fileRef = FC433F59250E4B0700110C97 /* ParkDataCollectionViewCell.swift */; };
		FC433F5C250E529600110C97 /* Park.swift in Sources */ = {isa = PBXBuildFile; fileRef = FC433F5B250E529600110C97 /* Park.swift */; };
		FC4371FB253B34B400430EB2 /* SpotTheDanger.swift in Sources */ = {isa = PBXBuildFile; fileRef = FC4371FA253B34B400430EB2 /* SpotTheDanger.swift */; };
		FC4667CF2527282600386213 /* searchParkCVC.wav in Resources */ = {isa = PBXBuildFile; fileRef = FC4667CD2527282600386213 /* searchParkCVC.wav */; };
		FC4667D02527282600386213 /* singleParkWelcomeMessage.wav in Resources */ = {isa = PBXBuildFile; fileRef = FC4667CE2527282600386213 /* singleParkWelcomeMessage.wav */; };
		FC4667F52527372900386213 /* q14t2.wav in Resources */ = {isa = PBXBuildFile; fileRef = FC4667D32527372500386213 /* q14t2.wav */; };
		FC4667F62527372900386213 /* q16t1.wav in Resources */ = {isa = PBXBuildFile; fileRef = FC4667D42527372500386213 /* q16t1.wav */; };
		FC4667F72527372900386213 /* q2t1.wav in Resources */ = {isa = PBXBuildFile; fileRef = FC4667D52527372500386213 /* q2t1.wav */; };
		FC4667F82527372900386213 /* q20t1.wav in Resources */ = {isa = PBXBuildFile; fileRef = FC4667D62527372500386213 /* q20t1.wav */; };
		FC4667F92527372900386213 /* q21t1.wav in Resources */ = {isa = PBXBuildFile; fileRef = FC4667D72527372500386213 /* q21t1.wav */; };
		FC4667FA2527372900386213 /* q5t1.wav in Resources */ = {isa = PBXBuildFile; fileRef = FC4667D82527372500386213 /* q5t1.wav */; };
		FC4667FB2527372900386213 /* q7t1.wav in Resources */ = {isa = PBXBuildFile; fileRef = FC4667D92527372500386213 /* q7t1.wav */; };
		FC4667FC2527372900386213 /* q13t1.wav in Resources */ = {isa = PBXBuildFile; fileRef = FC4667DA2527372600386213 /* q13t1.wav */; };
		FC4667FD2527372900386213 /* q13t2.wav in Resources */ = {isa = PBXBuildFile; fileRef = FC4667DB2527372600386213 /* q13t2.wav */; };
		FC4667FE2527372900386213 /* q1t2.wav in Resources */ = {isa = PBXBuildFile; fileRef = FC4667DC2527372600386213 /* q1t2.wav */; };
		FC4667FF2527372900386213 /* q20t2.wav in Resources */ = {isa = PBXBuildFile; fileRef = FC4667DD2527372600386213 /* q20t2.wav */; };
		FC4668002527372900386213 /* q10t2.wav in Resources */ = {isa = PBXBuildFile; fileRef = FC4667DE2527372600386213 /* q10t2.wav */; };
		FC4668012527372900386213 /* q4t1.wav in Resources */ = {isa = PBXBuildFile; fileRef = FC4667DF2527372600386213 /* q4t1.wav */; };
		FC4668022527372900386213 /* q15t1.wav in Resources */ = {isa = PBXBuildFile; fileRef = FC4667E02527372600386213 /* q15t1.wav */; };
		FC4668032527372900386213 /* q3t1.wav in Resources */ = {isa = PBXBuildFile; fileRef = FC4667E12527372600386213 /* q3t1.wav */; };
		FC4668042527372900386213 /* q4t2.wav in Resources */ = {isa = PBXBuildFile; fileRef = FC4667E22527372600386213 /* q4t2.wav */; };
		FC4668052527372900386213 /* q17t1.wav in Resources */ = {isa = PBXBuildFile; fileRef = FC4667E32527372700386213 /* q17t1.wav */; };
		FC4668062527372900386213 /* q1t1.wav in Resources */ = {isa = PBXBuildFile; fileRef = FC4667E42527372700386213 /* q1t1.wav */; };
		FC4668072527372900386213 /* q8t1.wav in Resources */ = {isa = PBXBuildFile; fileRef = FC4667E52527372700386213 /* q8t1.wav */; };
		FC4668082527372900386213 /* q10t1.wav in Resources */ = {isa = PBXBuildFile; fileRef = FC4667E62527372700386213 /* q10t1.wav */; };
		FC4668092527372900386213 /* q21t2.wav in Resources */ = {isa = PBXBuildFile; fileRef = FC4667E72527372700386213 /* q21t2.wav */; };
		FC46680A2527372900386213 /* q11t1.wav in Resources */ = {isa = PBXBuildFile; fileRef = FC4667E82527372700386213 /* q11t1.wav */; };
		FC46680B2527372900386213 /* q9t2.wav in Resources */ = {isa = PBXBuildFile; fileRef = FC4667E92527372700386213 /* q9t2.wav */; };
		FC46680C2527372900386213 /* q7t2.wav in Resources */ = {isa = PBXBuildFile; fileRef = FC4667EA2527372700386213 /* q7t2.wav */; };
		FC46680D2527372900386213 /* q2t2.wav in Resources */ = {isa = PBXBuildFile; fileRef = FC4667EB2527372800386213 /* q2t2.wav */; };
		FC46680E2527372900386213 /* q9t1.wav in Resources */ = {isa = PBXBuildFile; fileRef = FC4667EC2527372800386213 /* q9t1.wav */; };
		FC46680F2527372900386213 /* q11t2.wav in Resources */ = {isa = PBXBuildFile; fileRef = FC4667ED2527372800386213 /* q11t2.wav */; };
		FC4668102527372900386213 /* q3t2.wav in Resources */ = {isa = PBXBuildFile; fileRef = FC4667EE2527372800386213 /* q3t2.wav */; };
		FC4668112527372900386213 /* q15t2.wav in Resources */ = {isa = PBXBuildFile; fileRef = FC4667EF2527372800386213 /* q15t2.wav */; };
		FC4668122527372900386213 /* q5t2.wav in Resources */ = {isa = PBXBuildFile; fileRef = FC4667F02527372800386213 /* q5t2.wav */; };
		FC4668132527372900386213 /* q8t2.wav in Resources */ = {isa = PBXBuildFile; fileRef = FC4667F12527372800386213 /* q8t2.wav */; };
		FC4668142527372900386213 /* q16t2.wav in Resources */ = {isa = PBXBuildFile; fileRef = FC4667F22527372800386213 /* q16t2.wav */; };
		FC4668152527372900386213 /* q17t2.wav in Resources */ = {isa = PBXBuildFile; fileRef = FC4667F32527372800386213 /* q17t2.wav */; };
		FC4668162527372900386213 /* q14t1.wav in Resources */ = {isa = PBXBuildFile; fileRef = FC4667F42527372900386213 /* q14t1.wav */; };
		FC46681C2527411E00386213 /* scoreBoardViewMessage.wav in Resources */ = {isa = PBXBuildFile; fileRef = FC4668192527411E00386213 /* scoreBoardViewMessage.wav */; };
		FC46681D2527411E00386213 /* selectOneQuizCatagory.wav in Resources */ = {isa = PBXBuildFile; fileRef = FC46681A2527411E00386213 /* selectOneQuizCatagory.wav */; };
		FC46681E2527411E00386213 /* clickOnMeIWillTellYou.wav in Resources */ = {isa = PBXBuildFile; fileRef = FC46681B2527411E00386213 /* clickOnMeIWillTellYou.wav */; };
		FC4668342527597E00386213 /* q5sound.wav in Resources */ = {isa = PBXBuildFile; fileRef = FC4668232527597C00386213 /* q5sound.wav */; };
		FC4668352527597E00386213 /* q20sound.wav in Resources */ = {isa = PBXBuildFile; fileRef = FC4668242527597C00386213 /* q20sound.wav */; };
		FC4668362527597E00386213 /* q10sound.wav in Resources */ = {isa = PBXBuildFile; fileRef = FC4668252527597C00386213 /* q10sound.wav */; };
		FC4668372527597E00386213 /* q11sound.wav in Resources */ = {isa = PBXBuildFile; fileRef = FC4668262527597D00386213 /* q11sound.wav */; };
		FC4668382527597E00386213 /* q15sound.wav in Resources */ = {isa = PBXBuildFile; fileRef = FC4668272527597D00386213 /* q15sound.wav */; };
		FC4668392527597E00386213 /* q17sound.wav in Resources */ = {isa = PBXBuildFile; fileRef = FC4668282527597D00386213 /* q17sound.wav */; };
		FC46683A2527597E00386213 /* q4sound.wav in Resources */ = {isa = PBXBuildFile; fileRef = FC4668292527597D00386213 /* q4sound.wav */; };
		FC46683B2527597E00386213 /* q16sound.wav in Resources */ = {isa = PBXBuildFile; fileRef = FC46682A2527597D00386213 /* q16sound.wav */; };
		FC46683C2527597E00386213 /* q14sound.wav in Resources */ = {isa = PBXBuildFile; fileRef = FC46682B2527597D00386213 /* q14sound.wav */; };
		FC46683D2527597E00386213 /* q3sound.wav in Resources */ = {isa = PBXBuildFile; fileRef = FC46682C2527597D00386213 /* q3sound.wav */; };
		FC46683E2527597E00386213 /* q8sound.wav in Resources */ = {isa = PBXBuildFile; fileRef = FC46682D2527597D00386213 /* q8sound.wav */; };
		FC46683F2527597E00386213 /* q21sound.wav in Resources */ = {isa = PBXBuildFile; fileRef = FC46682E2527597D00386213 /* q21sound.wav */; };
		FC4668402527597E00386213 /* q9sound.wav in Resources */ = {isa = PBXBuildFile; fileRef = FC46682F2527597E00386213 /* q9sound.wav */; };
		FC4668412527597E00386213 /* q7sound.wav in Resources */ = {isa = PBXBuildFile; fileRef = FC4668302527597E00386213 /* q7sound.wav */; };
		FC4668422527597E00386213 /* q1sound.wav in Resources */ = {isa = PBXBuildFile; fileRef = FC4668312527597E00386213 /* q1sound.wav */; };
		FC4668432527597E00386213 /* q13sound.wav in Resources */ = {isa = PBXBuildFile; fileRef = FC4668322527597E00386213 /* q13sound.wav */; };
		FC4668442527597E00386213 /* q2sound.wav in Resources */ = {isa = PBXBuildFile; fileRef = FC4668332527597E00386213 /* q2sound.wav */; };
		FC48B185253967D000F2D6F3 /* ItemFoundCollectionViewCell.swift in Sources */ = {isa = PBXBuildFile; fileRef = FC48B184253967D000F2D6F3 /* ItemFoundCollectionViewCell.swift */; };
		FC4A644B24F7E0CC00C14160 /* ChooseUserViewController.swift in Sources */ = {isa = PBXBuildFile; fileRef = FC4A644A24F7E0CC00C14160 /* ChooseUserViewController.swift */; };
		FC4C10FE24F3D9FC00C3A2DB /* QuestionViewController.swift in Sources */ = {isa = PBXBuildFile; fileRef = FC4C10FD24F3D9FC00C3A2DB /* QuestionViewController.swift */; };
		FC4C110024F3DBCA00C3A2DB /* Question.swift in Sources */ = {isa = PBXBuildFile; fileRef = FC4C10FF24F3DBCA00C3A2DB /* Question.swift */; };
		FC4C110224F3DCD100C3A2DB /* QuestionBank.swift in Sources */ = {isa = PBXBuildFile; fileRef = FC4C110124F3DCD100C3A2DB /* QuestionBank.swift */; };
		FC4C5B0C25206F6400D6B87D /* ScoreBoardViewController.swift in Sources */ = {isa = PBXBuildFile; fileRef = FC4C5B0B25206F6400D6B87D /* ScoreBoardViewController.swift */; };
		FC60017B250EE3C600C42403 /* DatabaseProtocol.swift in Sources */ = {isa = PBXBuildFile; fileRef = FC60017A250EE3C600C42403 /* DatabaseProtocol.swift */; };
		FC600185250EE97300C42403 /* MulticastDelegate.swift in Sources */ = {isa = PBXBuildFile; fileRef = FC600184250EE97300C42403 /* MulticastDelegate.swift */; };
		FC600187250EE9E700C42403 /* CoreDataController.swift in Sources */ = {isa = PBXBuildFile; fileRef = FC600186250EE9E700C42403 /* CoreDataController.swift */; };
		FC62FB872510258200A33D08 /* SingleParkViewController.swift in Sources */ = {isa = PBXBuildFile; fileRef = FC62FB862510258200A33D08 /* SingleParkViewController.swift */; };
		FC62FB8925104B3D00A33D08 /* SafetyTipsViewController.swift in Sources */ = {isa = PBXBuildFile; fileRef = FC62FB8825104B3D00A33D08 /* SafetyTipsViewController.swift */; };
		FC62FB8B25107F8500A33D08 /* ParkEquipmmentCollectionViewCell.swift in Sources */ = {isa = PBXBuildFile; fileRef = FC62FB8A25107F8500A33D08 /* ParkEquipmmentCollectionViewCell.swift */; };
		FC6C299A250EC2D50007FEE0 /* ParkManager.swift in Sources */ = {isa = PBXBuildFile; fileRef = FC6C2999250EC2D50007FEE0 /* ParkManager.swift */; };
		FC6C299E250EDE060007FEE0 /* UserDataModel.xcdatamodeld in Sources */ = {isa = PBXBuildFile; fileRef = FC6C299C250EDE060007FEE0 /* UserDataModel.xcdatamodeld */; };
		FC7FA4D42539C714006AD3EE /* hint-5.png in Resources */ = {isa = PBXBuildFile; fileRef = FC7FA4CD2539C713006AD3EE /* hint-5.png */; };
		FC7FA4D52539C714006AD3EE /* hint-1.png in Resources */ = {isa = PBXBuildFile; fileRef = FC7FA4CE2539C713006AD3EE /* hint-1.png */; };
		FC7FA4D62539C714006AD3EE /* hint-3.png in Resources */ = {isa = PBXBuildFile; fileRef = FC7FA4CF2539C713006AD3EE /* hint-3.png */; };
		FC7FA4D72539C714006AD3EE /* hint-4.png in Resources */ = {isa = PBXBuildFile; fileRef = FC7FA4D02539C713006AD3EE /* hint-4.png */; };
		FC7FA4D82539C714006AD3EE /* hint-6.png in Resources */ = {isa = PBXBuildFile; fileRef = FC7FA4D12539C714006AD3EE /* hint-6.png */; };
		FC7FA4D92539C714006AD3EE /* hint-2.png in Resources */ = {isa = PBXBuildFile; fileRef = FC7FA4D22539C714006AD3EE /* hint-2.png */; };
		FC7FA4DA2539C714006AD3EE /* hint-7.png in Resources */ = {isa = PBXBuildFile; fileRef = FC7FA4D32539C714006AD3EE /* hint-7.png */; };
		FC7FA4DD2539C7CA006AD3EE /* hint-0.png in Resources */ = {isa = PBXBuildFile; fileRef = FC7FA4DC2539C7CA006AD3EE /* hint-0.png */; };
		FC88A7782540E3BC00188BC4 /* CustomNavigationController.swift in Sources */ = {isa = PBXBuildFile; fileRef = FC88A7772540E3BC00188BC4 /* CustomNavigationController.swift */; };
		FC99F4AF24F66966009A1ABD /* WelcomeQuizViewController.swift in Sources */ = {isa = PBXBuildFile; fileRef = FC99F4AE24F66966009A1ABD /* WelcomeQuizViewController.swift */; };
		FC9A8A0725430BF8003373FE /* WeatherLocationManager.swift in Sources */ = {isa = PBXBuildFile; fileRef = FC9A8A0625430BF8003373FE /* WeatherLocationManager.swift */; };
		FCB4AEA924FAFF47001603FA /* HomeScreenViewController.swift in Sources */ = {isa = PBXBuildFile; fileRef = FCB4AEA824FAFF47001603FA /* HomeScreenViewController.swift */; };
		FCB56AB32512580800D61761 /* trackGroup.wav in Resources */ = {isa = PBXBuildFile; fileRef = FCB56AA12512580600D61761 /* trackGroup.wav */; };
		FCB56AB42512580800D61761 /* mini-gameGroup.wav in Resources */ = {isa = PBXBuildFile; fileRef = FCB56AA22512580600D61761 /* mini-gameGroup.wav */; };
		FCB56AB52512580800D61761 /* barGroup.wav in Resources */ = {isa = PBXBuildFile; fileRef = FCB56AA32512580600D61761 /* barGroup.wav */; };
		FCB56AB62512580800D61761 /* balanceGroup.wav in Resources */ = {isa = PBXBuildFile; fileRef = FCB56AA42512580600D61761 /* balanceGroup.wav */; };
		FCB56AB72512580800D61761 /* integratedGroup.wav in Resources */ = {isa = PBXBuildFile; fileRef = FCB56AA52512580600D61761 /* integratedGroup.wav */; };
		FCB56AB82512580800D61761 /* welcomeToSafetyTips.wav in Resources */ = {isa = PBXBuildFile; fileRef = FCB56AA62512580700D61761 /* welcomeToSafetyTips.wav */; };
		FCB56AB92512580800D61761 /* basketBallGroup.wav in Resources */ = {isa = PBXBuildFile; fileRef = FCB56AA72512580700D61761 /* basketBallGroup.wav */; };
		FCB56ABA2512580800D61761 /* swingGroup.wav in Resources */ = {isa = PBXBuildFile; fileRef = FCB56AA82512580700D61761 /* swingGroup.wav */; };
		FCB56ABB2512580800D61761 /* carouselGroup.wav in Resources */ = {isa = PBXBuildFile; fileRef = FCB56AA92512580700D61761 /* carouselGroup.wav */; };
		FCB56ABC2512580800D61761 /* slideGroup.wav in Resources */ = {isa = PBXBuildFile; fileRef = FCB56AAA2512580700D61761 /* slideGroup.wav */; };
		FCB56ABD2512580800D61761 /* climbGroup.wav in Resources */ = {isa = PBXBuildFile; fileRef = FCB56AAB2512580700D61761 /* climbGroup.wav */; };
		FCB56ABE2512580800D61761 /* sandGroup.wav in Resources */ = {isa = PBXBuildFile; fileRef = FCB56AAC2512580700D61761 /* sandGroup.wav */; };
		FCB56ABF2512580800D61761 /* rockerGroup.wav in Resources */ = {isa = PBXBuildFile; fileRef = FCB56AAD2512580700D61761 /* rockerGroup.wav */; };
		FCB56AC02512580800D61761 /* greenSafeAreaGroup.wav in Resources */ = {isa = PBXBuildFile; fileRef = FCB56AAE2512580800D61761 /* greenSafeAreaGroup.wav */; };
		FCB56AC12512580800D61761 /* see-sawGroup.wav in Resources */ = {isa = PBXBuildFile; fileRef = FCB56AAF2512580800D61761 /* see-sawGroup.wav */; };
		FCB56AC22512580800D61761 /* spinnersGroup.wav in Resources */ = {isa = PBXBuildFile; fileRef = FCB56AB02512580800D61761 /* spinnersGroup.wav */; };
		FCB56AC32512580800D61761 /* tunnelsAndBarrelsGroup.wav in Resources */ = {isa = PBXBuildFile; fileRef = FCB56AB12512580800D61761 /* tunnelsAndBarrelsGroup.wav */; };
		FCB56AC42512580800D61761 /* skateGroup.wav in Resources */ = {isa = PBXBuildFile; fileRef = FCB56AB22512580800D61761 /* skateGroup.wav */; };
		FCB56AC72512B80500D61761 /* NewExistingViewController.swift in Sources */ = {isa = PBXBuildFile; fileRef = FCB56AC62512B80500D61761 /* NewExistingViewController.swift */; };
		FCB889CA253C8ACE007289C7 /* mainJourneyIntroductionSound.wav in Resources */ = {isa = PBXBuildFile; fileRef = FCB889C9253C8ACE007289C7 /* mainJourneyIntroductionSound.wav */; };
		FCB889D1253C94DA007289C7 /* speaking-tubesGroup.wav in Resources */ = {isa = PBXBuildFile; fileRef = FCB889CD253C94DA007289C7 /* speaking-tubesGroup.wav */; };
		FCB889D2253C94DA007289C7 /* abacasGroup.wav in Resources */ = {isa = PBXBuildFile; fileRef = FCB889CE253C94DA007289C7 /* abacasGroup.wav */; };
		FCB889D3253C94DA007289C7 /* tic-tac-toeGroup.wav in Resources */ = {isa = PBXBuildFile; fileRef = FCB889CF253C94DA007289C7 /* tic-tac-toeGroup.wav */; };
		FCB889D4253C94DA007289C7 /* chalkboardGroup.wav in Resources */ = {isa = PBXBuildFile; fileRef = FCB889D0253C94DA007289C7 /* chalkboardGroup.wav */; };
		FCBE4EB7250F2E1F006EF55A /* User+CoreDataClass.swift in Sources */ = {isa = PBXBuildFile; fileRef = FCBE4EB3250F2E1F006EF55A /* User+CoreDataClass.swift */; };
		FCBE4EB8250F2E1F006EF55A /* User+CoreDataProperties.swift in Sources */ = {isa = PBXBuildFile; fileRef = FCBE4EB4250F2E1F006EF55A /* User+CoreDataProperties.swift */; };
		FCBE4EB9250F2E1F006EF55A /* Score+CoreDataClass.swift in Sources */ = {isa = PBXBuildFile; fileRef = FCBE4EB5250F2E1F006EF55A /* Score+CoreDataClass.swift */; };
		FCBE4EBA250F2E1F006EF55A /* Score+CoreDataProperties.swift in Sources */ = {isa = PBXBuildFile; fileRef = FCBE4EB6250F2E1F006EF55A /* Score+CoreDataProperties.swift */; };
		FCBE4EBF250F5AD9006EF55A /* NewUserViewController.swift in Sources */ = {isa = PBXBuildFile; fileRef = FCBE4EBE250F5AD9006EF55A /* NewUserViewController.swift */; };
		FCC1416A2512E88200383C0C /* introductionAvatarMessage.wav in Resources */ = {isa = PBXBuildFile; fileRef = FCC141692512E88200383C0C /* introductionAvatarMessage.wav */; };
		FCC8B68E253C17E200B29D01 /* winS3.wav in Resources */ = {isa = PBXBuildFile; fileRef = FCC8B685253C17E100B29D01 /* winS3.wav */; };
		FCC8B68F253C17E200B29D01 /* winS8.wav in Resources */ = {isa = PBXBuildFile; fileRef = FCC8B686253C17E200B29D01 /* winS8.wav */; };
		FCC8B690253C17E200B29D01 /* winS4.wav in Resources */ = {isa = PBXBuildFile; fileRef = FCC8B687253C17E200B29D01 /* winS4.wav */; };
		FCC8B691253C17E200B29D01 /* winS7.wav in Resources */ = {isa = PBXBuildFile; fileRef = FCC8B688253C17E200B29D01 /* winS7.wav */; };
		FCC8B692253C17E200B29D01 /* winS9.wav in Resources */ = {isa = PBXBuildFile; fileRef = FCC8B689253C17E200B29D01 /* winS9.wav */; };
		FCC8B693253C17E200B29D01 /* winS5.wav in Resources */ = {isa = PBXBuildFile; fileRef = FCC8B68A253C17E200B29D01 /* winS5.wav */; };
		FCC8B694253C17E200B29D01 /* winS6.wav in Resources */ = {isa = PBXBuildFile; fileRef = FCC8B68B253C17E200B29D01 /* winS6.wav */; };
		FCC8B695253C17E200B29D01 /* winS2.wav in Resources */ = {isa = PBXBuildFile; fileRef = FCC8B68C253C17E200B29D01 /* winS2.wav */; };
		FCC8B696253C17E200B29D01 /* winS1.wav in Resources */ = {isa = PBXBuildFile; fileRef = FCC8B68D253C17E200B29D01 /* winS1.wav */; };
		FCC8B6A2253C18A800B29D01 /* sumS1.wav in Resources */ = {isa = PBXBuildFile; fileRef = FCC8B699253C18A700B29D01 /* sumS1.wav */; };
		FCC8B6A3253C18A800B29D01 /* sumS3.wav in Resources */ = {isa = PBXBuildFile; fileRef = FCC8B69A253C18A700B29D01 /* sumS3.wav */; };
		FCC8B6A4253C18A800B29D01 /* sumS6.wav in Resources */ = {isa = PBXBuildFile; fileRef = FCC8B69B253C18A700B29D01 /* sumS6.wav */; };
		FCC8B6A5253C18A800B29D01 /* sumS2.wav in Resources */ = {isa = PBXBuildFile; fileRef = FCC8B69C253C18A700B29D01 /* sumS2.wav */; };
		FCC8B6A6253C18A800B29D01 /* sumS9.wav in Resources */ = {isa = PBXBuildFile; fileRef = FCC8B69D253C18A700B29D01 /* sumS9.wav */; };
		FCC8B6A7253C18A800B29D01 /* sumS7.wav in Resources */ = {isa = PBXBuildFile; fileRef = FCC8B69E253C18A700B29D01 /* sumS7.wav */; };
		FCC8B6A8253C18A800B29D01 /* sumS5.wav in Resources */ = {isa = PBXBuildFile; fileRef = FCC8B69F253C18A800B29D01 /* sumS5.wav */; };
		FCC8B6A9253C18A800B29D01 /* sumS4.wav in Resources */ = {isa = PBXBuildFile; fileRef = FCC8B6A0253C18A800B29D01 /* sumS4.wav */; };
		FCC8B6AA253C18A800B29D01 /* sumS8.wav in Resources */ = {isa = PBXBuildFile; fileRef = FCC8B6A1253C18A800B29D01 /* sumS8.wav */; };
		FCC8B6B6253C1A3700B29D01 /* norS3.wav in Resources */ = {isa = PBXBuildFile; fileRef = FCC8B6AD253C1A3600B29D01 /* norS3.wav */; };
		FCC8B6B7253C1A3700B29D01 /* norS4.wav in Resources */ = {isa = PBXBuildFile; fileRef = FCC8B6AE253C1A3600B29D01 /* norS4.wav */; };
		FCC8B6B8253C1A3700B29D01 /* norS2.wav in Resources */ = {isa = PBXBuildFile; fileRef = FCC8B6AF253C1A3600B29D01 /* norS2.wav */; };
		FCC8B6B9253C1A3700B29D01 /* norS6.wav in Resources */ = {isa = PBXBuildFile; fileRef = FCC8B6B0253C1A3600B29D01 /* norS6.wav */; };
		FCC8B6BA253C1A3700B29D01 /* norS1.wav in Resources */ = {isa = PBXBuildFile; fileRef = FCC8B6B1253C1A3600B29D01 /* norS1.wav */; };
		FCC8B6BB253C1A3700B29D01 /* norS7.wav in Resources */ = {isa = PBXBuildFile; fileRef = FCC8B6B2253C1A3600B29D01 /* norS7.wav */; };
		FCC8B6BC253C1A3700B29D01 /* norS8.wav in Resources */ = {isa = PBXBuildFile; fileRef = FCC8B6B3253C1A3600B29D01 /* norS8.wav */; };
		FCC8B6BD253C1A3700B29D01 /* norS5.wav in Resources */ = {isa = PBXBuildFile; fileRef = FCC8B6B4253C1A3600B29D01 /* norS5.wav */; };
		FCC8B6BE253C1A3700B29D01 /* norS9.wav in Resources */ = {isa = PBXBuildFile; fileRef = FCC8B6B5253C1A3600B29D01 /* norS9.wav */; };
		FCC8B6C1253C1D1600B29D01 /* hintButtonPressed.wav in Resources */ = {isa = PBXBuildFile; fileRef = FCC8B6C0253C1D1600B29D01 /* hintButtonPressed.wav */; };
		FCD34E43253BF4F30024A9BD /* danTip3.wav in Resources */ = {isa = PBXBuildFile; fileRef = FCD34E3C253BF4F20024A9BD /* danTip3.wav */; };
		FCD34E44253BF4F30024A9BD /* danTip1.wav in Resources */ = {isa = PBXBuildFile; fileRef = FCD34E3D253BF4F20024A9BD /* danTip1.wav */; };
		FCD34E45253BF4F30024A9BD /* danTip5.wav in Resources */ = {isa = PBXBuildFile; fileRef = FCD34E3E253BF4F20024A9BD /* danTip5.wav */; };
		FCD34E46253BF4F30024A9BD /* danTip7.wav in Resources */ = {isa = PBXBuildFile; fileRef = FCD34E3F253BF4F20024A9BD /* danTip7.wav */; };
		FCD34E47253BF4F30024A9BD /* danTip2.wav in Resources */ = {isa = PBXBuildFile; fileRef = FCD34E40253BF4F20024A9BD /* danTip2.wav */; };
		FCD34E48253BF4F30024A9BD /* danTip6.wav in Resources */ = {isa = PBXBuildFile; fileRef = FCD34E41253BF4F30024A9BD /* danTip6.wav */; };
		FCD34E49253BF4F30024A9BD /* danTip4.wav in Resources */ = {isa = PBXBuildFile; fileRef = FCD34E42253BF4F30024A9BD /* danTip4.wav */; };
		FCD953042536FCA900C7F430 /* JourneyScoreboardViewController.swift in Sources */ = {isa = PBXBuildFile; fileRef = FCD953032536FCA900C7F430 /* JourneyScoreboardViewController.swift */; };
		FCEA9E3F252D4EEE00E92B2B /* MainJourneyViewController.swift in Sources */ = {isa = PBXBuildFile; fileRef = FCEA9E3E252D4EEE00E92B2B /* MainJourneyViewController.swift */; };
		FCEA9E43252D4F4300E92B2B /* ThingsToCarryViewController.swift in Sources */ = {isa = PBXBuildFile; fileRef = FCEA9E42252D4F4300E92B2B /* ThingsToCarryViewController.swift */; };
		FCEA9E46252D4F7600E92B2B /* SpotTheDViewController.swift in Sources */ = {isa = PBXBuildFile; fileRef = FCEA9E45252D4F7600E92B2B /* SpotTheDViewController.swift */; };
		FCEF029424FC4035004345F6 /* wrong.mp3 in Resources */ = {isa = PBXBuildFile; fileRef = FCEF029124FC4035004345F6 /* wrong.mp3 */; };
		FCEF029524FC4035004345F6 /* correct.mp3 in Resources */ = {isa = PBXBuildFile; fileRef = FCEF029224FC4035004345F6 /* correct.mp3 */; };
		FCEF029624FC4035004345F6 /* gamePlay.mp3 in Resources */ = {isa = PBXBuildFile; fileRef = FCEF029324FC4035004345F6 /* gamePlay.mp3 */; };
		FCFC3508254008A6004BB4A3 /* Constants.swift in Sources */ = {isa = PBXBuildFile; fileRef = FCFC3507254008A6004BB4A3 /* Constants.swift */; };
/* End PBXBuildFile section */

/* Begin PBXFileReference section */
		56C119D106DF637D27F76702 /* Pods_Kids_Safe_Heaven.framework */ = {isa = PBXFileReference; explicitFileType = wrapper.framework; includeInIndex = 0; path = Pods_Kids_Safe_Heaven.framework; sourceTree = BUILT_PRODUCTS_DIR; };
		9C71109B66AA796D1F136F93 /* Pods-Kids Safe Heaven.release.xcconfig */ = {isa = PBXFileReference; includeInIndex = 1; lastKnownFileType = text.xcconfig; name = "Pods-Kids Safe Heaven.release.xcconfig"; path = "Target Support Files/Pods-Kids Safe Heaven/Pods-Kids Safe Heaven.release.xcconfig"; sourceTree = "<group>"; };
		B0915657F41B648283662861 /* Pods-Kids Safe Heaven.debug.xcconfig */ = {isa = PBXFileReference; includeInIndex = 1; lastKnownFileType = text.xcconfig; name = "Pods-Kids Safe Heaven.debug.xcconfig"; path = "Target Support Files/Pods-Kids Safe Heaven/Pods-Kids Safe Heaven.debug.xcconfig"; sourceTree = "<group>"; };
		FC10ED3524EC13A200C11DB0 /* Kids Safe Heaven.app */ = {isa = PBXFileReference; explicitFileType = wrapper.application; includeInIndex = 0; path = "Kids Safe Heaven.app"; sourceTree = BUILT_PRODUCTS_DIR; };
		FC10ED3824EC13A200C11DB0 /* AppDelegate.swift */ = {isa = PBXFileReference; lastKnownFileType = sourcecode.swift; path = AppDelegate.swift; sourceTree = "<group>"; };
		FC10ED3A24EC13A200C11DB0 /* SceneDelegate.swift */ = {isa = PBXFileReference; lastKnownFileType = sourcecode.swift; path = SceneDelegate.swift; sourceTree = "<group>"; };
		FC10ED3F24EC13A200C11DB0 /* Base */ = {isa = PBXFileReference; lastKnownFileType = file.storyboard; name = Base; path = Base.lproj/Main.storyboard; sourceTree = "<group>"; };
		FC10ED4124EC13A600C11DB0 /* Assets.xcassets */ = {isa = PBXFileReference; lastKnownFileType = folder.assetcatalog; path = Assets.xcassets; sourceTree = "<group>"; };
		FC10ED4424EC13A600C11DB0 /* Base */ = {isa = PBXFileReference; lastKnownFileType = file.storyboard; name = Base; path = Base.lproj/LaunchScreen.storyboard; sourceTree = "<group>"; };
		FC10ED4624EC13A600C11DB0 /* Info.plist */ = {isa = PBXFileReference; lastKnownFileType = text.plist.xml; path = Info.plist; sourceTree = "<group>"; };
		FC2C232225307C92003E711B /* ThingsCarry.swift */ = {isa = PBXFileReference; lastKnownFileType = sourcecode.swift; path = ThingsCarry.swift; sourceTree = "<group>"; };
		FC2EB66A2512089500657F48 /* Equipments.swift */ = {isa = PBXFileReference; lastKnownFileType = sourcecode.swift; path = Equipments.swift; sourceTree = "<group>"; };
		FC40063B253AA977009AB157 /* YoutubeInstructionViewController.swift */ = {isa = PBXFileReference; lastKnownFileType = sourcecode.swift; path = YoutubeInstructionViewController.swift; sourceTree = "<group>"; };
		FC40FC192531786700081F1F /* EachThingsCollectionViewCell.swift */ = {isa = PBXFileReference; lastKnownFileType = sourcecode.swift; path = EachThingsCollectionViewCell.swift; sourceTree = "<group>"; };
		FC433F57250E41DC00110C97 /* RecommendedParkHomeViewController.swift */ = {isa = PBXFileReference; lastKnownFileType = sourcecode.swift; path = RecommendedParkHomeViewController.swift; sourceTree = "<group>"; };
		FC433F59250E4B0700110C97 /* ParkDataCollectionViewCell.swift */ = {isa = PBXFileReference; lastKnownFileType = sourcecode.swift; path = ParkDataCollectionViewCell.swift; sourceTree = "<group>"; };
		FC433F5B250E529600110C97 /* Park.swift */ = {isa = PBXFileReference; lastKnownFileType = sourcecode.swift; path = Park.swift; sourceTree = "<group>"; };
		FC4371FA253B34B400430EB2 /* SpotTheDanger.swift */ = {isa = PBXFileReference; lastKnownFileType = sourcecode.swift; path = SpotTheDanger.swift; sourceTree = "<group>"; };
		FC4667CD2527282600386213 /* searchParkCVC.wav */ = {isa = PBXFileReference; lastKnownFileType = audio.wav; path = searchParkCVC.wav; sourceTree = "<group>"; };
		FC4667CE2527282600386213 /* singleParkWelcomeMessage.wav */ = {isa = PBXFileReference; lastKnownFileType = audio.wav; path = singleParkWelcomeMessage.wav; sourceTree = "<group>"; };
		FC4667D32527372500386213 /* q14t2.wav */ = {isa = PBXFileReference; lastKnownFileType = audio.wav; path = q14t2.wav; sourceTree = "<group>"; };
		FC4667D42527372500386213 /* q16t1.wav */ = {isa = PBXFileReference; lastKnownFileType = audio.wav; path = q16t1.wav; sourceTree = "<group>"; };
		FC4667D52527372500386213 /* q2t1.wav */ = {isa = PBXFileReference; lastKnownFileType = audio.wav; path = q2t1.wav; sourceTree = "<group>"; };
		FC4667D62527372500386213 /* q20t1.wav */ = {isa = PBXFileReference; lastKnownFileType = audio.wav; path = q20t1.wav; sourceTree = "<group>"; };
		FC4667D72527372500386213 /* q21t1.wav */ = {isa = PBXFileReference; lastKnownFileType = audio.wav; path = q21t1.wav; sourceTree = "<group>"; };
		FC4667D82527372500386213 /* q5t1.wav */ = {isa = PBXFileReference; lastKnownFileType = audio.wav; path = q5t1.wav; sourceTree = "<group>"; };
		FC4667D92527372500386213 /* q7t1.wav */ = {isa = PBXFileReference; lastKnownFileType = audio.wav; path = q7t1.wav; sourceTree = "<group>"; };
		FC4667DA2527372600386213 /* q13t1.wav */ = {isa = PBXFileReference; lastKnownFileType = audio.wav; path = q13t1.wav; sourceTree = "<group>"; };
		FC4667DB2527372600386213 /* q13t2.wav */ = {isa = PBXFileReference; lastKnownFileType = audio.wav; path = q13t2.wav; sourceTree = "<group>"; };
		FC4667DC2527372600386213 /* q1t2.wav */ = {isa = PBXFileReference; lastKnownFileType = audio.wav; path = q1t2.wav; sourceTree = "<group>"; };
		FC4667DD2527372600386213 /* q20t2.wav */ = {isa = PBXFileReference; lastKnownFileType = audio.wav; path = q20t2.wav; sourceTree = "<group>"; };
		FC4667DE2527372600386213 /* q10t2.wav */ = {isa = PBXFileReference; lastKnownFileType = audio.wav; path = q10t2.wav; sourceTree = "<group>"; };
		FC4667DF2527372600386213 /* q4t1.wav */ = {isa = PBXFileReference; lastKnownFileType = audio.wav; path = q4t1.wav; sourceTree = "<group>"; };
		FC4667E02527372600386213 /* q15t1.wav */ = {isa = PBXFileReference; lastKnownFileType = audio.wav; path = q15t1.wav; sourceTree = "<group>"; };
		FC4667E12527372600386213 /* q3t1.wav */ = {isa = PBXFileReference; lastKnownFileType = audio.wav; path = q3t1.wav; sourceTree = "<group>"; };
		FC4667E22527372600386213 /* q4t2.wav */ = {isa = PBXFileReference; lastKnownFileType = audio.wav; path = q4t2.wav; sourceTree = "<group>"; };
		FC4667E32527372700386213 /* q17t1.wav */ = {isa = PBXFileReference; lastKnownFileType = audio.wav; path = q17t1.wav; sourceTree = "<group>"; };
		FC4667E42527372700386213 /* q1t1.wav */ = {isa = PBXFileReference; lastKnownFileType = audio.wav; path = q1t1.wav; sourceTree = "<group>"; };
		FC4667E52527372700386213 /* q8t1.wav */ = {isa = PBXFileReference; lastKnownFileType = audio.wav; path = q8t1.wav; sourceTree = "<group>"; };
		FC4667E62527372700386213 /* q10t1.wav */ = {isa = PBXFileReference; lastKnownFileType = audio.wav; path = q10t1.wav; sourceTree = "<group>"; };
		FC4667E72527372700386213 /* q21t2.wav */ = {isa = PBXFileReference; lastKnownFileType = audio.wav; path = q21t2.wav; sourceTree = "<group>"; };
		FC4667E82527372700386213 /* q11t1.wav */ = {isa = PBXFileReference; lastKnownFileType = audio.wav; path = q11t1.wav; sourceTree = "<group>"; };
		FC4667E92527372700386213 /* q9t2.wav */ = {isa = PBXFileReference; lastKnownFileType = audio.wav; path = q9t2.wav; sourceTree = "<group>"; };
		FC4667EA2527372700386213 /* q7t2.wav */ = {isa = PBXFileReference; lastKnownFileType = audio.wav; path = q7t2.wav; sourceTree = "<group>"; };
		FC4667EB2527372800386213 /* q2t2.wav */ = {isa = PBXFileReference; lastKnownFileType = audio.wav; path = q2t2.wav; sourceTree = "<group>"; };
		FC4667EC2527372800386213 /* q9t1.wav */ = {isa = PBXFileReference; lastKnownFileType = audio.wav; path = q9t1.wav; sourceTree = "<group>"; };
		FC4667ED2527372800386213 /* q11t2.wav */ = {isa = PBXFileReference; lastKnownFileType = audio.wav; path = q11t2.wav; sourceTree = "<group>"; };
		FC4667EE2527372800386213 /* q3t2.wav */ = {isa = PBXFileReference; lastKnownFileType = audio.wav; path = q3t2.wav; sourceTree = "<group>"; };
		FC4667EF2527372800386213 /* q15t2.wav */ = {isa = PBXFileReference; lastKnownFileType = audio.wav; path = q15t2.wav; sourceTree = "<group>"; };
		FC4667F02527372800386213 /* q5t2.wav */ = {isa = PBXFileReference; lastKnownFileType = audio.wav; path = q5t2.wav; sourceTree = "<group>"; };
		FC4667F12527372800386213 /* q8t2.wav */ = {isa = PBXFileReference; lastKnownFileType = audio.wav; path = q8t2.wav; sourceTree = "<group>"; };
		FC4667F22527372800386213 /* q16t2.wav */ = {isa = PBXFileReference; lastKnownFileType = audio.wav; path = q16t2.wav; sourceTree = "<group>"; };
		FC4667F32527372800386213 /* q17t2.wav */ = {isa = PBXFileReference; lastKnownFileType = audio.wav; path = q17t2.wav; sourceTree = "<group>"; };
		FC4667F42527372900386213 /* q14t1.wav */ = {isa = PBXFileReference; lastKnownFileType = audio.wav; path = q14t1.wav; sourceTree = "<group>"; };
		FC4668192527411E00386213 /* scoreBoardViewMessage.wav */ = {isa = PBXFileReference; lastKnownFileType = audio.wav; path = scoreBoardViewMessage.wav; sourceTree = "<group>"; };
		FC46681A2527411E00386213 /* selectOneQuizCatagory.wav */ = {isa = PBXFileReference; lastKnownFileType = audio.wav; path = selectOneQuizCatagory.wav; sourceTree = "<group>"; };
		FC46681B2527411E00386213 /* clickOnMeIWillTellYou.wav */ = {isa = PBXFileReference; lastKnownFileType = audio.wav; path = clickOnMeIWillTellYou.wav; sourceTree = "<group>"; };
		FC4668232527597C00386213 /* q5sound.wav */ = {isa = PBXFileReference; lastKnownFileType = audio.wav; path = q5sound.wav; sourceTree = "<group>"; };
		FC4668242527597C00386213 /* q20sound.wav */ = {isa = PBXFileReference; lastKnownFileType = audio.wav; path = q20sound.wav; sourceTree = "<group>"; };
		FC4668252527597C00386213 /* q10sound.wav */ = {isa = PBXFileReference; lastKnownFileType = audio.wav; path = q10sound.wav; sourceTree = "<group>"; };
		FC4668262527597D00386213 /* q11sound.wav */ = {isa = PBXFileReference; lastKnownFileType = audio.wav; path = q11sound.wav; sourceTree = "<group>"; };
		FC4668272527597D00386213 /* q15sound.wav */ = {isa = PBXFileReference; lastKnownFileType = audio.wav; path = q15sound.wav; sourceTree = "<group>"; };
		FC4668282527597D00386213 /* q17sound.wav */ = {isa = PBXFileReference; lastKnownFileType = audio.wav; path = q17sound.wav; sourceTree = "<group>"; };
		FC4668292527597D00386213 /* q4sound.wav */ = {isa = PBXFileReference; lastKnownFileType = audio.wav; path = q4sound.wav; sourceTree = "<group>"; };
		FC46682A2527597D00386213 /* q16sound.wav */ = {isa = PBXFileReference; lastKnownFileType = audio.wav; path = q16sound.wav; sourceTree = "<group>"; };
		FC46682B2527597D00386213 /* q14sound.wav */ = {isa = PBXFileReference; lastKnownFileType = audio.wav; path = q14sound.wav; sourceTree = "<group>"; };
		FC46682C2527597D00386213 /* q3sound.wav */ = {isa = PBXFileReference; lastKnownFileType = audio.wav; path = q3sound.wav; sourceTree = "<group>"; };
		FC46682D2527597D00386213 /* q8sound.wav */ = {isa = PBXFileReference; lastKnownFileType = audio.wav; path = q8sound.wav; sourceTree = "<group>"; };
		FC46682E2527597D00386213 /* q21sound.wav */ = {isa = PBXFileReference; lastKnownFileType = audio.wav; path = q21sound.wav; sourceTree = "<group>"; };
		FC46682F2527597E00386213 /* q9sound.wav */ = {isa = PBXFileReference; lastKnownFileType = audio.wav; path = q9sound.wav; sourceTree = "<group>"; };
		FC4668302527597E00386213 /* q7sound.wav */ = {isa = PBXFileReference; lastKnownFileType = audio.wav; path = q7sound.wav; sourceTree = "<group>"; };
		FC4668312527597E00386213 /* q1sound.wav */ = {isa = PBXFileReference; lastKnownFileType = audio.wav; path = q1sound.wav; sourceTree = "<group>"; };
		FC4668322527597E00386213 /* q13sound.wav */ = {isa = PBXFileReference; lastKnownFileType = audio.wav; path = q13sound.wav; sourceTree = "<group>"; };
		FC4668332527597E00386213 /* q2sound.wav */ = {isa = PBXFileReference; lastKnownFileType = audio.wav; path = q2sound.wav; sourceTree = "<group>"; };
		FC48B184253967D000F2D6F3 /* ItemFoundCollectionViewCell.swift */ = {isa = PBXFileReference; lastKnownFileType = sourcecode.swift; path = ItemFoundCollectionViewCell.swift; sourceTree = "<group>"; };
		FC4A644A24F7E0CC00C14160 /* ChooseUserViewController.swift */ = {isa = PBXFileReference; lastKnownFileType = sourcecode.swift; path = ChooseUserViewController.swift; sourceTree = "<group>"; };
		FC4C10FD24F3D9FC00C3A2DB /* QuestionViewController.swift */ = {isa = PBXFileReference; lastKnownFileType = sourcecode.swift; path = QuestionViewController.swift; sourceTree = "<group>"; };
		FC4C10FF24F3DBCA00C3A2DB /* Question.swift */ = {isa = PBXFileReference; lastKnownFileType = sourcecode.swift; path = Question.swift; sourceTree = "<group>"; };
		FC4C110124F3DCD100C3A2DB /* QuestionBank.swift */ = {isa = PBXFileReference; lastKnownFileType = sourcecode.swift; path = QuestionBank.swift; sourceTree = "<group>"; };
		FC4C5B0B25206F6400D6B87D /* ScoreBoardViewController.swift */ = {isa = PBXFileReference; lastKnownFileType = sourcecode.swift; path = ScoreBoardViewController.swift; sourceTree = "<group>"; };
		FC60017A250EE3C600C42403 /* DatabaseProtocol.swift */ = {isa = PBXFileReference; lastKnownFileType = sourcecode.swift; path = DatabaseProtocol.swift; sourceTree = "<group>"; };
		FC600184250EE97300C42403 /* MulticastDelegate.swift */ = {isa = PBXFileReference; lastKnownFileType = sourcecode.swift; path = MulticastDelegate.swift; sourceTree = "<group>"; };
		FC600186250EE9E700C42403 /* CoreDataController.swift */ = {isa = PBXFileReference; lastKnownFileType = sourcecode.swift; path = CoreDataController.swift; sourceTree = "<group>"; };
		FC62FB862510258200A33D08 /* SingleParkViewController.swift */ = {isa = PBXFileReference; lastKnownFileType = sourcecode.swift; path = SingleParkViewController.swift; sourceTree = "<group>"; };
		FC62FB8825104B3D00A33D08 /* SafetyTipsViewController.swift */ = {isa = PBXFileReference; lastKnownFileType = sourcecode.swift; path = SafetyTipsViewController.swift; sourceTree = "<group>"; };
		FC62FB8A25107F8500A33D08 /* ParkEquipmmentCollectionViewCell.swift */ = {isa = PBXFileReference; lastKnownFileType = sourcecode.swift; path = ParkEquipmmentCollectionViewCell.swift; sourceTree = "<group>"; };
		FC6C2999250EC2D50007FEE0 /* ParkManager.swift */ = {isa = PBXFileReference; lastKnownFileType = sourcecode.swift; path = ParkManager.swift; sourceTree = "<group>"; };
		FC6C299D250EDE060007FEE0 /* UserDataModel.xcdatamodel */ = {isa = PBXFileReference; lastKnownFileType = wrapper.xcdatamodel; path = UserDataModel.xcdatamodel; sourceTree = "<group>"; };
		FC7FA4CD2539C713006AD3EE /* hint-5.png */ = {isa = PBXFileReference; lastKnownFileType = image.png; path = "hint-5.png"; sourceTree = "<group>"; };
		FC7FA4CE2539C713006AD3EE /* hint-1.png */ = {isa = PBXFileReference; lastKnownFileType = image.png; path = "hint-1.png"; sourceTree = "<group>"; };
		FC7FA4CF2539C713006AD3EE /* hint-3.png */ = {isa = PBXFileReference; lastKnownFileType = image.png; path = "hint-3.png"; sourceTree = "<group>"; };
		FC7FA4D02539C713006AD3EE /* hint-4.png */ = {isa = PBXFileReference; lastKnownFileType = image.png; path = "hint-4.png"; sourceTree = "<group>"; };
		FC7FA4D12539C714006AD3EE /* hint-6.png */ = {isa = PBXFileReference; lastKnownFileType = image.png; path = "hint-6.png"; sourceTree = "<group>"; };
		FC7FA4D22539C714006AD3EE /* hint-2.png */ = {isa = PBXFileReference; lastKnownFileType = image.png; path = "hint-2.png"; sourceTree = "<group>"; };
		FC7FA4D32539C714006AD3EE /* hint-7.png */ = {isa = PBXFileReference; lastKnownFileType = image.png; path = "hint-7.png"; sourceTree = "<group>"; };
		FC7FA4DC2539C7CA006AD3EE /* hint-0.png */ = {isa = PBXFileReference; lastKnownFileType = image.png; path = "hint-0.png"; sourceTree = "<group>"; };
		FC88A7772540E3BC00188BC4 /* CustomNavigationController.swift */ = {isa = PBXFileReference; lastKnownFileType = sourcecode.swift; path = CustomNavigationController.swift; sourceTree = "<group>"; };
		FC99F4AE24F66966009A1ABD /* WelcomeQuizViewController.swift */ = {isa = PBXFileReference; lastKnownFileType = sourcecode.swift; path = WelcomeQuizViewController.swift; sourceTree = "<group>"; };
		FC9A8A0625430BF8003373FE /* WeatherLocationManager.swift */ = {isa = PBXFileReference; lastKnownFileType = sourcecode.swift; path = WeatherLocationManager.swift; sourceTree = "<group>"; };
		FCB4AEA824FAFF47001603FA /* HomeScreenViewController.swift */ = {isa = PBXFileReference; lastKnownFileType = sourcecode.swift; path = HomeScreenViewController.swift; sourceTree = "<group>"; };
		FCB56AA12512580600D61761 /* trackGroup.wav */ = {isa = PBXFileReference; lastKnownFileType = audio.wav; path = trackGroup.wav; sourceTree = "<group>"; };
		FCB56AA22512580600D61761 /* mini-gameGroup.wav */ = {isa = PBXFileReference; lastKnownFileType = audio.wav; path = "mini-gameGroup.wav"; sourceTree = "<group>"; };
		FCB56AA32512580600D61761 /* barGroup.wav */ = {isa = PBXFileReference; lastKnownFileType = audio.wav; path = barGroup.wav; sourceTree = "<group>"; };
		FCB56AA42512580600D61761 /* balanceGroup.wav */ = {isa = PBXFileReference; lastKnownFileType = audio.wav; path = balanceGroup.wav; sourceTree = "<group>"; };
		FCB56AA52512580600D61761 /* integratedGroup.wav */ = {isa = PBXFileReference; lastKnownFileType = audio.wav; path = integratedGroup.wav; sourceTree = "<group>"; };
		FCB56AA62512580700D61761 /* welcomeToSafetyTips.wav */ = {isa = PBXFileReference; lastKnownFileType = audio.wav; path = welcomeToSafetyTips.wav; sourceTree = "<group>"; };
		FCB56AA72512580700D61761 /* basketBallGroup.wav */ = {isa = PBXFileReference; lastKnownFileType = audio.wav; path = basketBallGroup.wav; sourceTree = "<group>"; };
		FCB56AA82512580700D61761 /* swingGroup.wav */ = {isa = PBXFileReference; lastKnownFileType = audio.wav; path = swingGroup.wav; sourceTree = "<group>"; };
		FCB56AA92512580700D61761 /* carouselGroup.wav */ = {isa = PBXFileReference; lastKnownFileType = audio.wav; path = carouselGroup.wav; sourceTree = "<group>"; };
		FCB56AAA2512580700D61761 /* slideGroup.wav */ = {isa = PBXFileReference; lastKnownFileType = audio.wav; path = slideGroup.wav; sourceTree = "<group>"; };
		FCB56AAB2512580700D61761 /* climbGroup.wav */ = {isa = PBXFileReference; lastKnownFileType = audio.wav; path = climbGroup.wav; sourceTree = "<group>"; };
		FCB56AAC2512580700D61761 /* sandGroup.wav */ = {isa = PBXFileReference; lastKnownFileType = audio.wav; path = sandGroup.wav; sourceTree = "<group>"; };
		FCB56AAD2512580700D61761 /* rockerGroup.wav */ = {isa = PBXFileReference; lastKnownFileType = audio.wav; path = rockerGroup.wav; sourceTree = "<group>"; };
		FCB56AAE2512580800D61761 /* greenSafeAreaGroup.wav */ = {isa = PBXFileReference; lastKnownFileType = audio.wav; path = greenSafeAreaGroup.wav; sourceTree = "<group>"; };
		FCB56AAF2512580800D61761 /* see-sawGroup.wav */ = {isa = PBXFileReference; lastKnownFileType = audio.wav; path = "see-sawGroup.wav"; sourceTree = "<group>"; };
		FCB56AB02512580800D61761 /* spinnersGroup.wav */ = {isa = PBXFileReference; lastKnownFileType = audio.wav; path = spinnersGroup.wav; sourceTree = "<group>"; };
		FCB56AB12512580800D61761 /* tunnelsAndBarrelsGroup.wav */ = {isa = PBXFileReference; lastKnownFileType = audio.wav; path = tunnelsAndBarrelsGroup.wav; sourceTree = "<group>"; };
		FCB56AB22512580800D61761 /* skateGroup.wav */ = {isa = PBXFileReference; lastKnownFileType = audio.wav; path = skateGroup.wav; sourceTree = "<group>"; };
		FCB56AC62512B80500D61761 /* NewExistingViewController.swift */ = {isa = PBXFileReference; lastKnownFileType = sourcecode.swift; path = NewExistingViewController.swift; sourceTree = "<group>"; };
		FCB889C9253C8ACE007289C7 /* mainJourneyIntroductionSound.wav */ = {isa = PBXFileReference; lastKnownFileType = audio.wav; path = mainJourneyIntroductionSound.wav; sourceTree = "<group>"; };
		FCB889CD253C94DA007289C7 /* speaking-tubesGroup.wav */ = {isa = PBXFileReference; lastKnownFileType = audio.wav; path = "speaking-tubesGroup.wav"; sourceTree = "<group>"; };
		FCB889CE253C94DA007289C7 /* abacasGroup.wav */ = {isa = PBXFileReference; lastKnownFileType = audio.wav; path = abacasGroup.wav; sourceTree = "<group>"; };
		FCB889CF253C94DA007289C7 /* tic-tac-toeGroup.wav */ = {isa = PBXFileReference; lastKnownFileType = audio.wav; path = "tic-tac-toeGroup.wav"; sourceTree = "<group>"; };
		FCB889D0253C94DA007289C7 /* chalkboardGroup.wav */ = {isa = PBXFileReference; lastKnownFileType = audio.wav; path = chalkboardGroup.wav; sourceTree = "<group>"; };
		FCBE4EB3250F2E1F006EF55A /* User+CoreDataClass.swift */ = {isa = PBXFileReference; lastKnownFileType = sourcecode.swift; path = "User+CoreDataClass.swift"; sourceTree = "<group>"; };
		FCBE4EB4250F2E1F006EF55A /* User+CoreDataProperties.swift */ = {isa = PBXFileReference; lastKnownFileType = sourcecode.swift; path = "User+CoreDataProperties.swift"; sourceTree = "<group>"; };
		FCBE4EB5250F2E1F006EF55A /* Score+CoreDataClass.swift */ = {isa = PBXFileReference; lastKnownFileType = sourcecode.swift; path = "Score+CoreDataClass.swift"; sourceTree = "<group>"; };
		FCBE4EB6250F2E1F006EF55A /* Score+CoreDataProperties.swift */ = {isa = PBXFileReference; lastKnownFileType = sourcecode.swift; path = "Score+CoreDataProperties.swift"; sourceTree = "<group>"; };
		FCBE4EBE250F5AD9006EF55A /* NewUserViewController.swift */ = {isa = PBXFileReference; lastKnownFileType = sourcecode.swift; path = NewUserViewController.swift; sourceTree = "<group>"; };
		FCC141692512E88200383C0C /* introductionAvatarMessage.wav */ = {isa = PBXFileReference; lastKnownFileType = audio.wav; path = introductionAvatarMessage.wav; sourceTree = "<group>"; };
		FCC8B685253C17E100B29D01 /* winS3.wav */ = {isa = PBXFileReference; lastKnownFileType = audio.wav; path = winS3.wav; sourceTree = "<group>"; };
		FCC8B686253C17E200B29D01 /* winS8.wav */ = {isa = PBXFileReference; lastKnownFileType = audio.wav; path = winS8.wav; sourceTree = "<group>"; };
		FCC8B687253C17E200B29D01 /* winS4.wav */ = {isa = PBXFileReference; lastKnownFileType = audio.wav; path = winS4.wav; sourceTree = "<group>"; };
		FCC8B688253C17E200B29D01 /* winS7.wav */ = {isa = PBXFileReference; lastKnownFileType = audio.wav; path = winS7.wav; sourceTree = "<group>"; };
		FCC8B689253C17E200B29D01 /* winS9.wav */ = {isa = PBXFileReference; lastKnownFileType = audio.wav; path = winS9.wav; sourceTree = "<group>"; };
		FCC8B68A253C17E200B29D01 /* winS5.wav */ = {isa = PBXFileReference; lastKnownFileType = audio.wav; path = winS5.wav; sourceTree = "<group>"; };
		FCC8B68B253C17E200B29D01 /* winS6.wav */ = {isa = PBXFileReference; lastKnownFileType = audio.wav; path = winS6.wav; sourceTree = "<group>"; };
		FCC8B68C253C17E200B29D01 /* winS2.wav */ = {isa = PBXFileReference; lastKnownFileType = audio.wav; path = winS2.wav; sourceTree = "<group>"; };
		FCC8B68D253C17E200B29D01 /* winS1.wav */ = {isa = PBXFileReference; lastKnownFileType = audio.wav; path = winS1.wav; sourceTree = "<group>"; };
		FCC8B699253C18A700B29D01 /* sumS1.wav */ = {isa = PBXFileReference; lastKnownFileType = audio.wav; path = sumS1.wav; sourceTree = "<group>"; };
		FCC8B69A253C18A700B29D01 /* sumS3.wav */ = {isa = PBXFileReference; lastKnownFileType = audio.wav; path = sumS3.wav; sourceTree = "<group>"; };
		FCC8B69B253C18A700B29D01 /* sumS6.wav */ = {isa = PBXFileReference; lastKnownFileType = audio.wav; path = sumS6.wav; sourceTree = "<group>"; };
		FCC8B69C253C18A700B29D01 /* sumS2.wav */ = {isa = PBXFileReference; lastKnownFileType = audio.wav; path = sumS2.wav; sourceTree = "<group>"; };
		FCC8B69D253C18A700B29D01 /* sumS9.wav */ = {isa = PBXFileReference; lastKnownFileType = audio.wav; path = sumS9.wav; sourceTree = "<group>"; };
		FCC8B69E253C18A700B29D01 /* sumS7.wav */ = {isa = PBXFileReference; lastKnownFileType = audio.wav; path = sumS7.wav; sourceTree = "<group>"; };
		FCC8B69F253C18A800B29D01 /* sumS5.wav */ = {isa = PBXFileReference; lastKnownFileType = audio.wav; path = sumS5.wav; sourceTree = "<group>"; };
		FCC8B6A0253C18A800B29D01 /* sumS4.wav */ = {isa = PBXFileReference; lastKnownFileType = audio.wav; path = sumS4.wav; sourceTree = "<group>"; };
		FCC8B6A1253C18A800B29D01 /* sumS8.wav */ = {isa = PBXFileReference; lastKnownFileType = audio.wav; path = sumS8.wav; sourceTree = "<group>"; };
		FCC8B6AD253C1A3600B29D01 /* norS3.wav */ = {isa = PBXFileReference; lastKnownFileType = audio.wav; path = norS3.wav; sourceTree = "<group>"; };
		FCC8B6AE253C1A3600B29D01 /* norS4.wav */ = {isa = PBXFileReference; lastKnownFileType = audio.wav; path = norS4.wav; sourceTree = "<group>"; };
		FCC8B6AF253C1A3600B29D01 /* norS2.wav */ = {isa = PBXFileReference; lastKnownFileType = audio.wav; path = norS2.wav; sourceTree = "<group>"; };
		FCC8B6B0253C1A3600B29D01 /* norS6.wav */ = {isa = PBXFileReference; lastKnownFileType = audio.wav; path = norS6.wav; sourceTree = "<group>"; };
		FCC8B6B1253C1A3600B29D01 /* norS1.wav */ = {isa = PBXFileReference; lastKnownFileType = audio.wav; path = norS1.wav; sourceTree = "<group>"; };
		FCC8B6B2253C1A3600B29D01 /* norS7.wav */ = {isa = PBXFileReference; lastKnownFileType = audio.wav; path = norS7.wav; sourceTree = "<group>"; };
		FCC8B6B3253C1A3600B29D01 /* norS8.wav */ = {isa = PBXFileReference; lastKnownFileType = audio.wav; path = norS8.wav; sourceTree = "<group>"; };
		FCC8B6B4253C1A3600B29D01 /* norS5.wav */ = {isa = PBXFileReference; lastKnownFileType = audio.wav; path = norS5.wav; sourceTree = "<group>"; };
		FCC8B6B5253C1A3600B29D01 /* norS9.wav */ = {isa = PBXFileReference; lastKnownFileType = audio.wav; path = norS9.wav; sourceTree = "<group>"; };
		FCC8B6C0253C1D1600B29D01 /* hintButtonPressed.wav */ = {isa = PBXFileReference; lastKnownFileType = audio.wav; path = hintButtonPressed.wav; sourceTree = "<group>"; };
		FCD34E3C253BF4F20024A9BD /* danTip3.wav */ = {isa = PBXFileReference; lastKnownFileType = audio.wav; path = danTip3.wav; sourceTree = "<group>"; };
		FCD34E3D253BF4F20024A9BD /* danTip1.wav */ = {isa = PBXFileReference; lastKnownFileType = audio.wav; path = danTip1.wav; sourceTree = "<group>"; };
		FCD34E3E253BF4F20024A9BD /* danTip5.wav */ = {isa = PBXFileReference; lastKnownFileType = audio.wav; path = danTip5.wav; sourceTree = "<group>"; };
		FCD34E3F253BF4F20024A9BD /* danTip7.wav */ = {isa = PBXFileReference; lastKnownFileType = audio.wav; path = danTip7.wav; sourceTree = "<group>"; };
		FCD34E40253BF4F20024A9BD /* danTip2.wav */ = {isa = PBXFileReference; lastKnownFileType = audio.wav; path = danTip2.wav; sourceTree = "<group>"; };
		FCD34E41253BF4F30024A9BD /* danTip6.wav */ = {isa = PBXFileReference; lastKnownFileType = audio.wav; path = danTip6.wav; sourceTree = "<group>"; };
		FCD34E42253BF4F30024A9BD /* danTip4.wav */ = {isa = PBXFileReference; lastKnownFileType = audio.wav; path = danTip4.wav; sourceTree = "<group>"; };
		FCD953032536FCA900C7F430 /* JourneyScoreboardViewController.swift */ = {isa = PBXFileReference; lastKnownFileType = sourcecode.swift; path = JourneyScoreboardViewController.swift; sourceTree = "<group>"; };
		FCEA9E3E252D4EEE00E92B2B /* MainJourneyViewController.swift */ = {isa = PBXFileReference; lastKnownFileType = sourcecode.swift; path = MainJourneyViewController.swift; sourceTree = "<group>"; };
		FCEA9E42252D4F4300E92B2B /* ThingsToCarryViewController.swift */ = {isa = PBXFileReference; lastKnownFileType = sourcecode.swift; path = ThingsToCarryViewController.swift; sourceTree = "<group>"; };
		FCEA9E45252D4F7600E92B2B /* SpotTheDViewController.swift */ = {isa = PBXFileReference; lastKnownFileType = sourcecode.swift; path = SpotTheDViewController.swift; sourceTree = "<group>"; };
		FCEF029124FC4035004345F6 /* wrong.mp3 */ = {isa = PBXFileReference; lastKnownFileType = audio.mp3; path = wrong.mp3; sourceTree = "<group>"; };
		FCEF029224FC4035004345F6 /* correct.mp3 */ = {isa = PBXFileReference; lastKnownFileType = audio.mp3; path = correct.mp3; sourceTree = "<group>"; };
		FCEF029324FC4035004345F6 /* gamePlay.mp3 */ = {isa = PBXFileReference; lastKnownFileType = audio.mp3; path = gamePlay.mp3; sourceTree = "<group>"; };
		FCFC3507254008A6004BB4A3 /* Constants.swift */ = {isa = PBXFileReference; lastKnownFileType = sourcecode.swift; path = Constants.swift; sourceTree = "<group>"; };
/* End PBXFileReference section */

/* Begin PBXFrameworksBuildPhase section */
		FC10ED3224EC13A200C11DB0 /* Frameworks */ = {
			isa = PBXFrameworksBuildPhase;
			buildActionMask = 2147483647;
			files = (
				8F50B495E291246FEE91BF4F /* Pods_Kids_Safe_Heaven.framework in Frameworks */,
			);
			runOnlyForDeploymentPostprocessing = 0;
		};
/* End PBXFrameworksBuildPhase section */

/* Begin PBXGroup section */
		1AED42A3335AA9E5520B687E /* Pods */ = {
			isa = PBXGroup;
			children = (
				B0915657F41B648283662861 /* Pods-Kids Safe Heaven.debug.xcconfig */,
				9C71109B66AA796D1F136F93 /* Pods-Kids Safe Heaven.release.xcconfig */,
			);
			path = Pods;
			sourceTree = "<group>";
		};
		9EE0624986A25EED82C6E544 /* Frameworks */ = {
			isa = PBXGroup;
			children = (
				56C119D106DF637D27F76702 /* Pods_Kids_Safe_Heaven.framework */,
			);
			name = Frameworks;
			sourceTree = "<group>";
		};
		FC10ED2C24EC13A200C11DB0 = {
			isa = PBXGroup;
			children = (
				FC10ED3724EC13A200C11DB0 /* Kids Safe Heaven */,
				FC10ED3624EC13A200C11DB0 /* Products */,
				1AED42A3335AA9E5520B687E /* Pods */,
				9EE0624986A25EED82C6E544 /* Frameworks */,
			);
			sourceTree = "<group>";
		};
		FC10ED3624EC13A200C11DB0 /* Products */ = {
			isa = PBXGroup;
			children = (
				FC10ED3524EC13A200C11DB0 /* Kids Safe Heaven.app */,
			);
			name = Products;
			sourceTree = "<group>";
		};
		FC10ED3724EC13A200C11DB0 /* Kids Safe Heaven */ = {
			isa = PBXGroup;
			children = (
				FC6C299B250EDCB10007FEE0 /* DataModel */,
				FCEF029024FC401D004345F6 /* Sound */,
				FC4C10F824F3D6A200C3A2DB /* Model */,
				FC4C10F924F3D6BC00C3A2DB /* View */,
				FC4C10FA24F3D9AA00C3A2DB /* Controller */,
				FC10ED4624EC13A600C11DB0 /* Info.plist */,
			);
			path = "Kids Safe Heaven";
			sourceTree = "<group>";
		};
		FC4657E72537C1C1004B9E9D /* ThingsToCarry */ = {
			isa = PBXGroup;
			children = (
				FC4657EA2537C1E7004B9E9D /* W */,
				FC4657E92537C1D6004B9E9D /* S */,
				FC4657E82537C1CF004B9E9D /* N */,
			);
			path = ThingsToCarry;
			sourceTree = "<group>";
		};
		FC4657E82537C1CF004B9E9D /* N */ = {
			isa = PBXGroup;
			children = (
				FCC8B6B1253C1A3600B29D01 /* norS1.wav */,
				FCC8B6AF253C1A3600B29D01 /* norS2.wav */,
				FCC8B6AD253C1A3600B29D01 /* norS3.wav */,
				FCC8B6AE253C1A3600B29D01 /* norS4.wav */,
				FCC8B6B4253C1A3600B29D01 /* norS5.wav */,
				FCC8B6B0253C1A3600B29D01 /* norS6.wav */,
				FCC8B6B2253C1A3600B29D01 /* norS7.wav */,
				FCC8B6B3253C1A3600B29D01 /* norS8.wav */,
				FCC8B6B5253C1A3600B29D01 /* norS9.wav */,
			);
			path = N;
			sourceTree = "<group>";
		};
		FC4657E92537C1D6004B9E9D /* S */ = {
			isa = PBXGroup;
			children = (
				FCC8B699253C18A700B29D01 /* sumS1.wav */,
				FCC8B69C253C18A700B29D01 /* sumS2.wav */,
				FCC8B69A253C18A700B29D01 /* sumS3.wav */,
				FCC8B6A0253C18A800B29D01 /* sumS4.wav */,
				FCC8B69F253C18A800B29D01 /* sumS5.wav */,
				FCC8B69B253C18A700B29D01 /* sumS6.wav */,
				FCC8B69E253C18A700B29D01 /* sumS7.wav */,
				FCC8B6A1253C18A800B29D01 /* sumS8.wav */,
				FCC8B69D253C18A700B29D01 /* sumS9.wav */,
			);
			path = S;
			sourceTree = "<group>";
		};
		FC4657EA2537C1E7004B9E9D /* W */ = {
			isa = PBXGroup;
			children = (
				FCC8B68D253C17E200B29D01 /* winS1.wav */,
				FCC8B68C253C17E200B29D01 /* winS2.wav */,
				FCC8B685253C17E100B29D01 /* winS3.wav */,
				FCC8B687253C17E200B29D01 /* winS4.wav */,
				FCC8B68A253C17E200B29D01 /* winS5.wav */,
				FCC8B68B253C17E200B29D01 /* winS6.wav */,
				FCC8B688253C17E200B29D01 /* winS7.wav */,
				FCC8B686253C17E200B29D01 /* winS8.wav */,
				FCC8B689253C17E200B29D01 /* winS9.wav */,
			);
			path = W;
			sourceTree = "<group>";
		};
		FC4667C92527132000386213 /* GroupsOfEquipments */ = {
			isa = PBXGroup;
			children = (
				FCB56AA42512580600D61761 /* balanceGroup.wav */,
				FCB56AA32512580600D61761 /* barGroup.wav */,
				FCB56AA72512580700D61761 /* basketBallGroup.wav */,
				FCB56AA92512580700D61761 /* carouselGroup.wav */,
				FCB56AAB2512580700D61761 /* climbGroup.wav */,
				FCB56AAE2512580800D61761 /* greenSafeAreaGroup.wav */,
				FCB56AA52512580600D61761 /* integratedGroup.wav */,
				FCB889CE253C94DA007289C7 /* abacasGroup.wav */,
				FCB889D0253C94DA007289C7 /* chalkboardGroup.wav */,
				FCB889CD253C94DA007289C7 /* speaking-tubesGroup.wav */,
				FCB889CF253C94DA007289C7 /* tic-tac-toeGroup.wav */,
				FCB56AA22512580600D61761 /* mini-gameGroup.wav */,
				FCB56AAD2512580700D61761 /* rockerGroup.wav */,
				FCB56AAC2512580700D61761 /* sandGroup.wav */,
				FCB56AAF2512580800D61761 /* see-sawGroup.wav */,
				FCB56AB22512580800D61761 /* skateGroup.wav */,
				FCB56AAA2512580700D61761 /* slideGroup.wav */,
				FCB56AB02512580800D61761 /* spinnersGroup.wav */,
				FCB56AA82512580700D61761 /* swingGroup.wav */,
				FCB56AA12512580600D61761 /* trackGroup.wav */,
				FCB56AB12512580800D61761 /* tunnelsAndBarrelsGroup.wav */,
			);
			path = GroupsOfEquipments;
			sourceTree = "<group>";
		};
		FC4667CC2527281100386213 /* RecommendedSystem */ = {
			isa = PBXGroup;
			children = (
				FC4667CD2527282600386213 /* searchParkCVC.wav */,
				FC4667CE2527282600386213 /* singleParkWelcomeMessage.wav */,
				FCB56AA62512580700D61761 /* welcomeToSafetyTips.wav */,
			);
			path = RecommendedSystem;
			sourceTree = "<group>";
		};
		FC4667D22527370800386213 /* QuizTips */ = {
			isa = PBXGroup;
			children = (
				FC4667E42527372700386213 /* q1t1.wav */,
				FC4667DC2527372600386213 /* q1t2.wav */,
				FC4667D52527372500386213 /* q2t1.wav */,
				FC4667EB2527372800386213 /* q2t2.wav */,
				FC4667E12527372600386213 /* q3t1.wav */,
				FC4667EE2527372800386213 /* q3t2.wav */,
				FC4667DF2527372600386213 /* q4t1.wav */,
				FC4667E22527372600386213 /* q4t2.wav */,
				FC4667D82527372500386213 /* q5t1.wav */,
				FC4667F02527372800386213 /* q5t2.wav */,
				FC4667D92527372500386213 /* q7t1.wav */,
				FC4667EA2527372700386213 /* q7t2.wav */,
				FC4667E52527372700386213 /* q8t1.wav */,
				FC4667F12527372800386213 /* q8t2.wav */,
				FC4667EC2527372800386213 /* q9t1.wav */,
				FC4667E92527372700386213 /* q9t2.wav */,
				FC4667E62527372700386213 /* q10t1.wav */,
				FC4667DE2527372600386213 /* q10t2.wav */,
				FC4667E82527372700386213 /* q11t1.wav */,
				FC4667ED2527372800386213 /* q11t2.wav */,
				FC4667DA2527372600386213 /* q13t1.wav */,
				FC4667DB2527372600386213 /* q13t2.wav */,
				FC4667F42527372900386213 /* q14t1.wav */,
				FC4667D32527372500386213 /* q14t2.wav */,
				FC4667E02527372600386213 /* q15t1.wav */,
				FC4667EF2527372800386213 /* q15t2.wav */,
				FC4667D42527372500386213 /* q16t1.wav */,
				FC4667F22527372800386213 /* q16t2.wav */,
				FC4667F32527372800386213 /* q17t2.wav */,
				FC4667E32527372700386213 /* q17t1.wav */,
				FC4667D62527372500386213 /* q20t1.wav */,
				FC4667DD2527372600386213 /* q20t2.wav */,
				FC4667D72527372500386213 /* q21t1.wav */,
				FC4667E72527372700386213 /* q21t2.wav */,
			);
			path = QuizTips;
			sourceTree = "<group>";
		};
		FC466818252740BA00386213 /* QuizGuide */ = {
			isa = PBXGroup;
			children = (
				FC46681B2527411E00386213 /* clickOnMeIWillTellYou.wav */,
				FC4668192527411E00386213 /* scoreBoardViewMessage.wav */,
				FC46681A2527411E00386213 /* selectOneQuizCatagory.wav */,
			);
			path = QuizGuide;
			sourceTree = "<group>";
		};
		FC4668222527595C00386213 /* QuizQuestionReadOut */ = {
			isa = PBXGroup;
			children = (
				FC4668312527597E00386213 /* q1sound.wav */,
				FC4668332527597E00386213 /* q2sound.wav */,
				FC46682C2527597D00386213 /* q3sound.wav */,
				FC4668292527597D00386213 /* q4sound.wav */,
				FC4668232527597C00386213 /* q5sound.wav */,
				FC4668302527597E00386213 /* q7sound.wav */,
				FC46682D2527597D00386213 /* q8sound.wav */,
				FC46682F2527597E00386213 /* q9sound.wav */,
				FC4668252527597C00386213 /* q10sound.wav */,
				FC4668262527597D00386213 /* q11sound.wav */,
				FC4668322527597E00386213 /* q13sound.wav */,
				FC46682B2527597D00386213 /* q14sound.wav */,
				FC4668272527597D00386213 /* q15sound.wav */,
				FC46682A2527597D00386213 /* q16sound.wav */,
				FC4668282527597D00386213 /* q17sound.wav */,
				FC4668242527597C00386213 /* q20sound.wav */,
				FC46682E2527597D00386213 /* q21sound.wav */,
			);
			path = QuizQuestionReadOut;
			sourceTree = "<group>";
		};
		FC4C10F824F3D6A200C3A2DB /* Model */ = {
			isa = PBXGroup;
			children = (
				FC4C10FF24F3DBCA00C3A2DB /* Question.swift */,
				FC4C110124F3DCD100C3A2DB /* QuestionBank.swift */,
				FC433F5B250E529600110C97 /* Park.swift */,
				FC6C2999250EC2D50007FEE0 /* ParkManager.swift */,
				FC2EB66A2512089500657F48 /* Equipments.swift */,
				FC2C232225307C92003E711B /* ThingsCarry.swift */,
				FC4371FA253B34B400430EB2 /* SpotTheDanger.swift */,
				FC9A8A0625430BF8003373FE /* WeatherLocationManager.swift */,
			);
			path = Model;
			sourceTree = "<group>";
		};
		FC4C10F924F3D6BC00C3A2DB /* View */ = {
			isa = PBXGroup;
			children = (
				FC7FA4CC2539C700006AD3EE /* Animate */,
				FC10ED3E24EC13A200C11DB0 /* Main.storyboard */,
				FC10ED4124EC13A600C11DB0 /* Assets.xcassets */,
				FC10ED4324EC13A600C11DB0 /* LaunchScreen.storyboard */,
			);
			path = View;
			sourceTree = "<group>";
		};
		FC4C10FA24F3D9AA00C3A2DB /* Controller */ = {
			isa = PBXGroup;
			children = (
				FC10ED3824EC13A200C11DB0 /* AppDelegate.swift */,
				FC10ED3A24EC13A200C11DB0 /* SceneDelegate.swift */,
				FCB4AEA824FAFF47001603FA /* HomeScreenViewController.swift */,
				FCEA9E3D252D4E9400E92B2B /* Journey */,
				FCBE4EBB250F48DB006EF55A /* UserRegestrationHome */,
				FCB56AC525126BDA00D61761 /* Quizes */,
				FC62FB852510169200A33D08 /* Recommendation */,
				FC4C5B0E25206F6C00D6B87D /* ScoreBoard */,
				FCFC3507254008A6004BB4A3 /* Constants.swift */,
				FC88A7772540E3BC00188BC4 /* CustomNavigationController.swift */,
			);
			path = Controller;
			sourceTree = "<group>";
		};
		FC4C5B0E25206F6C00D6B87D /* ScoreBoard */ = {
			isa = PBXGroup;
			children = (
				FC4C5B0B25206F6400D6B87D /* ScoreBoardViewController.swift */,
			);
			path = ScoreBoard;
			sourceTree = "<group>";
		};
		FC600175250EE10600C42403 /* LocalDatabase */ = {
			isa = PBXGroup;
			children = (
				FC60017A250EE3C600C42403 /* DatabaseProtocol.swift */,
				FC600184250EE97300C42403 /* MulticastDelegate.swift */,
				FC600186250EE9E700C42403 /* CoreDataController.swift */,
			);
			path = LocalDatabase;
			sourceTree = "<group>";
		};
		FC62FB852510169200A33D08 /* Recommendation */ = {
			isa = PBXGroup;
			children = (
				FC433F57250E41DC00110C97 /* RecommendedParkHomeViewController.swift */,
				FC433F59250E4B0700110C97 /* ParkDataCollectionViewCell.swift */,
				FC62FB862510258200A33D08 /* SingleParkViewController.swift */,
				FC62FB8825104B3D00A33D08 /* SafetyTipsViewController.swift */,
				FC62FB8A25107F8500A33D08 /* ParkEquipmmentCollectionViewCell.swift */,
				FC40063B253AA977009AB157 /* YoutubeInstructionViewController.swift */,
			);
			path = Recommendation;
			sourceTree = "<group>";
		};
		FC6C299B250EDCB10007FEE0 /* DataModel */ = {
			isa = PBXGroup;
			children = (
				FCBE4EB3250F2E1F006EF55A /* User+CoreDataClass.swift */,
				FCBE4EB4250F2E1F006EF55A /* User+CoreDataProperties.swift */,
				FCBE4EB5250F2E1F006EF55A /* Score+CoreDataClass.swift */,
				FCBE4EB6250F2E1F006EF55A /* Score+CoreDataProperties.swift */,
				FC600175250EE10600C42403 /* LocalDatabase */,
				FC6C299C250EDE060007FEE0 /* UserDataModel.xcdatamodeld */,
			);
			path = DataModel;
			sourceTree = "<group>";
		};
		FC7FA4CC2539C700006AD3EE /* Animate */ = {
			isa = PBXGroup;
			children = (
				FC7FA4DC2539C7CA006AD3EE /* hint-0.png */,
				FC7FA4CE2539C713006AD3EE /* hint-1.png */,
				FC7FA4D22539C714006AD3EE /* hint-2.png */,
				FC7FA4CF2539C713006AD3EE /* hint-3.png */,
				FC7FA4D02539C713006AD3EE /* hint-4.png */,
				FC7FA4CD2539C713006AD3EE /* hint-5.png */,
				FC7FA4D12539C714006AD3EE /* hint-6.png */,
				FC7FA4D32539C714006AD3EE /* hint-7.png */,
			);
			path = Animate;
			sourceTree = "<group>";
		};
		FCB56AC525126BDA00D61761 /* Quizes */ = {
			isa = PBXGroup;
			children = (
				FC4C10FD24F3D9FC00C3A2DB /* QuestionViewController.swift */,
				FC99F4AE24F66966009A1ABD /* WelcomeQuizViewController.swift */,
			);
			path = Quizes;
			sourceTree = "<group>";
		};
		FCBE4EBB250F48DB006EF55A /* UserRegestrationHome */ = {
			isa = PBXGroup;
			children = (
				FC4A644A24F7E0CC00C14160 /* ChooseUserViewController.swift */,
				FCBE4EBE250F5AD9006EF55A /* NewUserViewController.swift */,
				FCB56AC62512B80500D61761 /* NewExistingViewController.swift */,
			);
			path = UserRegestrationHome;
			sourceTree = "<group>";
		};
		FCD34E3B253BF4E30024A9BD /* DanTips */ = {
			isa = PBXGroup;
			children = (
				FCC8B6C0253C1D1600B29D01 /* hintButtonPressed.wav */,
				FCD34E3D253BF4F20024A9BD /* danTip1.wav */,
				FCD34E40253BF4F20024A9BD /* danTip2.wav */,
				FCD34E3C253BF4F20024A9BD /* danTip3.wav */,
				FCD34E42253BF4F30024A9BD /* danTip4.wav */,
				FCD34E3E253BF4F20024A9BD /* danTip5.wav */,
				FCD34E41253BF4F30024A9BD /* danTip6.wav */,
				FCD34E3F253BF4F20024A9BD /* danTip7.wav */,
			);
			path = DanTips;
			sourceTree = "<group>";
		};
		FCEA9E3D252D4E9400E92B2B /* Journey */ = {
			isa = PBXGroup;
			children = (
				FCEA9E3E252D4EEE00E92B2B /* MainJourneyViewController.swift */,
				FCEA9E42252D4F4300E92B2B /* ThingsToCarryViewController.swift */,
				FCEA9E45252D4F7600E92B2B /* SpotTheDViewController.swift */,
				FC40FC192531786700081F1F /* EachThingsCollectionViewCell.swift */,
				FCD953032536FCA900C7F430 /* JourneyScoreboardViewController.swift */,
				FC48B184253967D000F2D6F3 /* ItemFoundCollectionViewCell.swift */,
			);
			path = Journey;
			sourceTree = "<group>";
		};
		FCEF029024FC401D004345F6 /* Sound */ = {
			isa = PBXGroup;
			children = (
				FCD34E3B253BF4E30024A9BD /* DanTips */,
				FC4657E72537C1C1004B9E9D /* ThingsToCarry */,
				FCFC351125401B09004BB4A3 /* QuizSection */,
				FC4667CC2527281100386213 /* RecommendedSystem */,
				FC4667C92527132000386213 /* GroupsOfEquipments */,
				FCC141692512E88200383C0C /* introductionAvatarMessage.wav */,
				FCB889C9253C8ACE007289C7 /* mainJourneyIntroductionSound.wav */,
				FCEF029224FC4035004345F6 /* correct.mp3 */,
				FCEF029324FC4035004345F6 /* gamePlay.mp3 */,
				FCEF029124FC4035004345F6 /* wrong.mp3 */,
			);
			path = Sound;
			sourceTree = "<group>";
		};
		FCFC351125401B09004BB4A3 /* QuizSection */ = {
			isa = PBXGroup;
			children = (
				FC4668222527595C00386213 /* QuizQuestionReadOut */,
				FC466818252740BA00386213 /* QuizGuide */,
				FC4667D22527370800386213 /* QuizTips */,
			);
			path = QuizSection;
			sourceTree = "<group>";
		};
/* End PBXGroup section */

/* Begin PBXNativeTarget section */
		FC10ED3424EC13A200C11DB0 /* Kids Safe Heaven */ = {
			isa = PBXNativeTarget;
			buildConfigurationList = FC10ED4924EC13A600C11DB0 /* Build configuration list for PBXNativeTarget "Kids Safe Heaven" */;
			buildPhases = (
				E6CC7AB6D061F3606A67063E /* [CP] Check Pods Manifest.lock */,
				FC10ED3124EC13A200C11DB0 /* Sources */,
				FC10ED3224EC13A200C11DB0 /* Frameworks */,
				FC10ED3324EC13A200C11DB0 /* Resources */,
				C4E4CE8C3548E6FFB7070EED /* [CP] Embed Pods Frameworks */,
			);
			buildRules = (
			);
			dependencies = (
			);
			name = "Kids Safe Heaven";
			productName = "Kids Safe Heaven";
			productReference = FC10ED3524EC13A200C11DB0 /* Kids Safe Heaven.app */;
			productType = "com.apple.product-type.application";
		};
/* End PBXNativeTarget section */

/* Begin PBXProject section */
		FC10ED2D24EC13A200C11DB0 /* Project object */ = {
			isa = PBXProject;
			attributes = {
				LastSwiftUpdateCheck = 1160;
				LastUpgradeCheck = 1200;
				ORGANIZATIONNAME = "Farhad Ullah Rezwan";
				TargetAttributes = {
					FC10ED3424EC13A200C11DB0 = {
						CreatedOnToolsVersion = 11.6;
					};
				};
			};
			buildConfigurationList = FC10ED3024EC13A200C11DB0 /* Build configuration list for PBXProject "Kids Safe Heaven" */;
			compatibilityVersion = "Xcode 9.3";
			developmentRegion = en;
			hasScannedForEncodings = 0;
			knownRegions = (
				en,
				Base,
			);
			mainGroup = FC10ED2C24EC13A200C11DB0;
			productRefGroup = FC10ED3624EC13A200C11DB0 /* Products */;
			projectDirPath = "";
			projectRoot = "";
			targets = (
				FC10ED3424EC13A200C11DB0 /* Kids Safe Heaven */,
			);
		};
/* End PBXProject section */

/* Begin PBXResourcesBuildPhase section */
		FC10ED3324EC13A200C11DB0 /* Resources */ = {
			isa = PBXResourcesBuildPhase;
			buildActionMask = 2147483647;
			files = (
				FCC8B6A3253C18A800B29D01 /* sumS3.wav in Resources */,
				FC46680B2527372900386213 /* q9t2.wav in Resources */,
				FC4667F72527372900386213 /* q2t1.wav in Resources */,
				FC4667FB2527372900386213 /* q7t1.wav in Resources */,
				FCD34E45253BF4F30024A9BD /* danTip5.wav in Resources */,
				FCEF029524FC4035004345F6 /* correct.mp3 in Resources */,
				FCC8B6BE253C1A3700B29D01 /* norS9.wav in Resources */,
				FCC8B6BB253C1A3700B29D01 /* norS7.wav in Resources */,
				FCC8B694253C17E200B29D01 /* winS6.wav in Resources */,
				FCD34E43253BF4F30024A9BD /* danTip3.wav in Resources */,
				FCC8B6A9253C18A800B29D01 /* sumS4.wav in Resources */,
				FC4667F52527372900386213 /* q14t2.wav in Resources */,
				FC4668102527372900386213 /* q3t2.wav in Resources */,
				FC4668412527597E00386213 /* q7sound.wav in Resources */,
				FCEF029424FC4035004345F6 /* wrong.mp3 in Resources */,
				FC7FA4DD2539C7CA006AD3EE /* hint-0.png in Resources */,
				FC4668142527372900386213 /* q16t2.wav in Resources */,
				FCB889D4253C94DA007289C7 /* chalkboardGroup.wav in Resources */,
				FCB56AC22512580800D61761 /* spinnersGroup.wav in Resources */,
				FCD34E46253BF4F30024A9BD /* danTip7.wav in Resources */,
				FC4668072527372900386213 /* q8t1.wav in Resources */,
				FCB56ABD2512580800D61761 /* climbGroup.wav in Resources */,
				FC7FA4D82539C714006AD3EE /* hint-6.png in Resources */,
				FCC8B68F253C17E200B29D01 /* winS8.wav in Resources */,
				FC10ED4524EC13A600C11DB0 /* LaunchScreen.storyboard in Resources */,
				FCC8B68E253C17E200B29D01 /* winS3.wav in Resources */,
				FCC8B6A5253C18A800B29D01 /* sumS2.wav in Resources */,
				FCB889CA253C8ACE007289C7 /* mainJourneyIntroductionSound.wav in Resources */,
				FC7FA4D52539C714006AD3EE /* hint-1.png in Resources */,
				FC4668372527597E00386213 /* q11sound.wav in Resources */,
				FC46680F2527372900386213 /* q11t2.wav in Resources */,
				FC4667FF2527372900386213 /* q20t2.wav in Resources */,
				FC46683C2527597E00386213 /* q14sound.wav in Resources */,
				FC10ED4224EC13A600C11DB0 /* Assets.xcassets in Resources */,
				FCEF029624FC4035004345F6 /* gamePlay.mp3 in Resources */,
				FC46681D2527411E00386213 /* selectOneQuizCatagory.wav in Resources */,
				FC7FA4D62539C714006AD3EE /* hint-3.png in Resources */,
				FCB56AC12512580800D61761 /* see-sawGroup.wav in Resources */,
				FC4668352527597E00386213 /* q20sound.wav in Resources */,
				FC4668432527597E00386213 /* q13sound.wav in Resources */,
				FCB56ABE2512580800D61761 /* sandGroup.wav in Resources */,
				FC4668362527597E00386213 /* q10sound.wav in Resources */,
				FC4667CF2527282600386213 /* searchParkCVC.wav in Resources */,
				FC4668022527372900386213 /* q15t1.wav in Resources */,
				FC4668062527372900386213 /* q1t1.wav in Resources */,
				FCC8B696253C17E200B29D01 /* winS1.wav in Resources */,
				FC4668342527597E00386213 /* q5sound.wav in Resources */,
				FCB56AB42512580800D61761 /* mini-gameGroup.wav in Resources */,
				FC4667F82527372900386213 /* q20t1.wav in Resources */,
				FCC8B6B8253C1A3700B29D01 /* norS2.wav in Resources */,
				FC46680E2527372900386213 /* q9t1.wav in Resources */,
				FCC1416A2512E88200383C0C /* introductionAvatarMessage.wav in Resources */,
				FCB56AC32512580800D61761 /* tunnelsAndBarrelsGroup.wav in Resources */,
				FCD34E49253BF4F30024A9BD /* danTip4.wav in Resources */,
				FCB56ABC2512580800D61761 /* slideGroup.wav in Resources */,
				FCC8B6BD253C1A3700B29D01 /* norS5.wav in Resources */,
				FCB889D3253C94DA007289C7 /* tic-tac-toeGroup.wav in Resources */,
				FCB56AB52512580800D61761 /* barGroup.wav in Resources */,
				FC46683B2527597E00386213 /* q16sound.wav in Resources */,
				FC4667F62527372900386213 /* q16t1.wav in Resources */,
				FCC8B6A4253C18A800B29D01 /* sumS6.wav in Resources */,
				FC4667FC2527372900386213 /* q13t1.wav in Resources */,
				FC46683F2527597E00386213 /* q21sound.wav in Resources */,
				FC4667FE2527372900386213 /* q1t2.wav in Resources */,
				FCC8B690253C17E200B29D01 /* winS4.wav in Resources */,
				FCC8B6C1253C1D1600B29D01 /* hintButtonPressed.wav in Resources */,
				FCC8B695253C17E200B29D01 /* winS2.wav in Resources */,
				FCC8B6BA253C1A3700B29D01 /* norS1.wav in Resources */,
				FC4668442527597E00386213 /* q2sound.wav in Resources */,
				FC46683E2527597E00386213 /* q8sound.wav in Resources */,
				FCB56AC42512580800D61761 /* skateGroup.wav in Resources */,
				FCC8B6A2253C18A800B29D01 /* sumS1.wav in Resources */,
				FCB56AC02512580800D61761 /* greenSafeAreaGroup.wav in Resources */,
				FCC8B6B9253C1A3700B29D01 /* norS6.wav in Resources */,
				FCB56ABA2512580800D61761 /* swingGroup.wav in Resources */,
				FCB56AB82512580800D61761 /* welcomeToSafetyTips.wav in Resources */,
				FC4668112527372900386213 /* q15t2.wav in Resources */,
				FCB56AB62512580800D61761 /* balanceGroup.wav in Resources */,
				FC4668092527372900386213 /* q21t2.wav in Resources */,
				FCC8B6B6253C1A3700B29D01 /* norS3.wav in Resources */,
				FC4667FA2527372900386213 /* q5t1.wav in Resources */,
				FCC8B6A8253C18A800B29D01 /* sumS5.wav in Resources */,
				FCB56AB72512580800D61761 /* integratedGroup.wav in Resources */,
				FC4668012527372900386213 /* q4t1.wav in Resources */,
				FCD34E44253BF4F30024A9BD /* danTip1.wav in Resources */,
				FC4668042527372900386213 /* q4t2.wav in Resources */,
				FC4667FD2527372900386213 /* q13t2.wav in Resources */,
				FCB56ABF2512580800D61761 /* rockerGroup.wav in Resources */,
				FCB889D1253C94DA007289C7 /* speaking-tubesGroup.wav in Resources */,
				FCB56AB32512580800D61761 /* trackGroup.wav in Resources */,
				FC4668162527372900386213 /* q14t1.wav in Resources */,
				FC7FA4D42539C714006AD3EE /* hint-5.png in Resources */,
				FCC8B691253C17E200B29D01 /* winS7.wav in Resources */,
				FC4668052527372900386213 /* q17t1.wav in Resources */,
				FCC8B6AA253C18A800B29D01 /* sumS8.wav in Resources */,
				FC7FA4D72539C714006AD3EE /* hint-4.png in Resources */,
				FCB56AB92512580800D61761 /* basketBallGroup.wav in Resources */,
				FC7FA4DA2539C714006AD3EE /* hint-7.png in Resources */,
				FCC8B693253C17E200B29D01 /* winS5.wav in Resources */,
				FC4668002527372900386213 /* q10t2.wav in Resources */,
				FC46683A2527597E00386213 /* q4sound.wav in Resources */,
				FCB889D2253C94DA007289C7 /* abacasGroup.wav in Resources */,
				FC10ED4024EC13A200C11DB0 /* Main.storyboard in Resources */,
				FCC8B692253C17E200B29D01 /* winS9.wav in Resources */,
				FCC8B6A6253C18A800B29D01 /* sumS9.wav in Resources */,
				FC46683D2527597E00386213 /* q3sound.wav in Resources */,
				FC4668122527372900386213 /* q5t2.wav in Resources */,
				FC4668132527372900386213 /* q8t2.wav in Resources */,
				FCC8B6A7253C18A800B29D01 /* sumS7.wav in Resources */,
				FC4668382527597E00386213 /* q15sound.wav in Resources */,
				FCB56ABB2512580800D61761 /* carouselGroup.wav in Resources */,
				FCC8B6B7253C1A3700B29D01 /* norS4.wav in Resources */,
				FC46680D2527372900386213 /* q2t2.wav in Resources */,
				FC4668032527372900386213 /* q3t1.wav in Resources */,
				FC46680A2527372900386213 /* q11t1.wav in Resources */,
				FCD34E47253BF4F30024A9BD /* danTip2.wav in Resources */,
				FC4668402527597E00386213 /* q9sound.wav in Resources */,
				FC46681E2527411E00386213 /* clickOnMeIWillTellYou.wav in Resources */,
				FCD34E48253BF4F30024A9BD /* danTip6.wav in Resources */,
				FCC8B6BC253C1A3700B29D01 /* norS8.wav in Resources */,
				FC4668152527372900386213 /* q17t2.wav in Resources */,
				FC4667F92527372900386213 /* q21t1.wav in Resources */,
				FC4668422527597E00386213 /* q1sound.wav in Resources */,
				FC46680C2527372900386213 /* q7t2.wav in Resources */,
				FC7FA4D92539C714006AD3EE /* hint-2.png in Resources */,
				FC4668392527597E00386213 /* q17sound.wav in Resources */,
				FC4668082527372900386213 /* q10t1.wav in Resources */,
				FC4667D02527282600386213 /* singleParkWelcomeMessage.wav in Resources */,
				FC46681C2527411E00386213 /* scoreBoardViewMessage.wav in Resources */,
			);
			runOnlyForDeploymentPostprocessing = 0;
		};
/* End PBXResourcesBuildPhase section */

/* Begin PBXShellScriptBuildPhase section */
		C4E4CE8C3548E6FFB7070EED /* [CP] Embed Pods Frameworks */ = {
			isa = PBXShellScriptBuildPhase;
			buildActionMask = 2147483647;
			files = (
			);
			inputFileListPaths = (
				"${PODS_ROOT}/Target Support Files/Pods-Kids Safe Heaven/Pods-Kids Safe Heaven-frameworks-${CONFIGURATION}-input-files.xcfilelist",
			);
			name = "[CP] Embed Pods Frameworks";
			outputFileListPaths = (
				"${PODS_ROOT}/Target Support Files/Pods-Kids Safe Heaven/Pods-Kids Safe Heaven-frameworks-${CONFIGURATION}-output-files.xcfilelist",
			);
			runOnlyForDeploymentPostprocessing = 0;
			shellPath = /bin/sh;
			shellScript = "\"${PODS_ROOT}/Target Support Files/Pods-Kids Safe Heaven/Pods-Kids Safe Heaven-frameworks.sh\"\n";
			showEnvVarsInLog = 0;
		};
		E6CC7AB6D061F3606A67063E /* [CP] Check Pods Manifest.lock */ = {
			isa = PBXShellScriptBuildPhase;
			buildActionMask = 2147483647;
			files = (
			);
			inputFileListPaths = (
			);
			inputPaths = (
				"${PODS_PODFILE_DIR_PATH}/Podfile.lock",
				"${PODS_ROOT}/Manifest.lock",
			);
			name = "[CP] Check Pods Manifest.lock";
			outputFileListPaths = (
			);
			outputPaths = (
				"$(DERIVED_FILE_DIR)/Pods-Kids Safe Heaven-checkManifestLockResult.txt",
			);
			runOnlyForDeploymentPostprocessing = 0;
			shellPath = /bin/sh;
			shellScript = "diff \"${PODS_PODFILE_DIR_PATH}/Podfile.lock\" \"${PODS_ROOT}/Manifest.lock\" > /dev/null\nif [ $? != 0 ] ; then\n    # print error to STDERR\n    echo \"error: The sandbox is not in sync with the Podfile.lock. Run 'pod install' or update your CocoaPods installation.\" >&2\n    exit 1\nfi\n# This output is used by Xcode 'outputs' to avoid re-running this script phase.\necho \"SUCCESS\" > \"${SCRIPT_OUTPUT_FILE_0}\"\n";
			showEnvVarsInLog = 0;
		};
/* End PBXShellScriptBuildPhase section */

/* Begin PBXSourcesBuildPhase section */
		FC10ED3124EC13A200C11DB0 /* Sources */ = {
			isa = PBXSourcesBuildPhase;
			buildActionMask = 2147483647;
			files = (
				FC40063C253AA977009AB157 /* YoutubeInstructionViewController.swift in Sources */,
				FC2C232325307C92003E711B /* ThingsCarry.swift in Sources */,
				FC62FB872510258200A33D08 /* SingleParkViewController.swift in Sources */,
				FC4C110024F3DBCA00C3A2DB /* Question.swift in Sources */,
				FC433F5C250E529600110C97 /* Park.swift in Sources */,
				FC99F4AF24F66966009A1ABD /* WelcomeQuizViewController.swift in Sources */,
				FC433F58250E41DC00110C97 /* RecommendedParkHomeViewController.swift in Sources */,
				FC48B185253967D000F2D6F3 /* ItemFoundCollectionViewCell.swift in Sources */,
				FC4371FB253B34B400430EB2 /* SpotTheDanger.swift in Sources */,
				FC10ED3924EC13A200C11DB0 /* AppDelegate.swift in Sources */,
				FCEA9E43252D4F4300E92B2B /* ThingsToCarryViewController.swift in Sources */,
				FC10ED3B24EC13A200C11DB0 /* SceneDelegate.swift in Sources */,
				FC88A7782540E3BC00188BC4 /* CustomNavigationController.swift in Sources */,
				FC40FC1A2531786700081F1F /* EachThingsCollectionViewCell.swift in Sources */,
				FCBE4EBA250F2E1F006EF55A /* Score+CoreDataProperties.swift in Sources */,
				FC600187250EE9E700C42403 /* CoreDataController.swift in Sources */,
				FC4C10FE24F3D9FC00C3A2DB /* QuestionViewController.swift in Sources */,
				FC433F5A250E4B0700110C97 /* ParkDataCollectionViewCell.swift in Sources */,
				FCB4AEA924FAFF47001603FA /* HomeScreenViewController.swift in Sources */,
				FC6C299E250EDE060007FEE0 /* UserDataModel.xcdatamodeld in Sources */,
				FCFC3508254008A6004BB4A3 /* Constants.swift in Sources */,
				FC9A8A0725430BF8003373FE /* WeatherLocationManager.swift in Sources */,
				FCBE4EB9250F2E1F006EF55A /* Score+CoreDataClass.swift in Sources */,
				FCBE4EB7250F2E1F006EF55A /* User+CoreDataClass.swift in Sources */,
				FCBE4EBF250F5AD9006EF55A /* NewUserViewController.swift in Sources */,
				FC62FB8B25107F8500A33D08 /* ParkEquipmmentCollectionViewCell.swift in Sources */,
				FC6C299A250EC2D50007FEE0 /* ParkManager.swift in Sources */,
				FC4C110224F3DCD100C3A2DB /* QuestionBank.swift in Sources */,
				FCD953042536FCA900C7F430 /* JourneyScoreboardViewController.swift in Sources */,
				FC62FB8925104B3D00A33D08 /* SafetyTipsViewController.swift in Sources */,
				FC4C5B0C25206F6400D6B87D /* ScoreBoardViewController.swift in Sources */,
				FCEA9E46252D4F7600E92B2B /* SpotTheDViewController.swift in Sources */,
				FC2EB66B2512089500657F48 /* Equipments.swift in Sources */,
				FCEA9E3F252D4EEE00E92B2B /* MainJourneyViewController.swift in Sources */,
				FCBE4EB8250F2E1F006EF55A /* User+CoreDataProperties.swift in Sources */,
				FC600185250EE97300C42403 /* MulticastDelegate.swift in Sources */,
				FCB56AC72512B80500D61761 /* NewExistingViewController.swift in Sources */,
				FC60017B250EE3C600C42403 /* DatabaseProtocol.swift in Sources */,
				FC4A644B24F7E0CC00C14160 /* ChooseUserViewController.swift in Sources */,
			);
			runOnlyForDeploymentPostprocessing = 0;
		};
/* End PBXSourcesBuildPhase section */

/* Begin PBXVariantGroup section */
		FC10ED3E24EC13A200C11DB0 /* Main.storyboard */ = {
			isa = PBXVariantGroup;
			children = (
				FC10ED3F24EC13A200C11DB0 /* Base */,
			);
			name = Main.storyboard;
			sourceTree = "<group>";
		};
		FC10ED4324EC13A600C11DB0 /* LaunchScreen.storyboard */ = {
			isa = PBXVariantGroup;
			children = (
				FC10ED4424EC13A600C11DB0 /* Base */,
			);
			name = LaunchScreen.storyboard;
			sourceTree = "<group>";
		};
/* End PBXVariantGroup section */

/* Begin XCBuildConfiguration section */
		FC10ED4724EC13A600C11DB0 /* Debug */ = {
			isa = XCBuildConfiguration;
			buildSettings = {
				ALWAYS_SEARCH_USER_PATHS = NO;
				CLANG_ANALYZER_NONNULL = YES;
				CLANG_ANALYZER_NUMBER_OBJECT_CONVERSION = YES_AGGRESSIVE;
				CLANG_CXX_LANGUAGE_STANDARD = "gnu++14";
				CLANG_CXX_LIBRARY = "libc++";
				CLANG_ENABLE_MODULES = YES;
				CLANG_ENABLE_OBJC_ARC = YES;
				CLANG_ENABLE_OBJC_WEAK = YES;
				CLANG_WARN_BLOCK_CAPTURE_AUTORELEASING = YES;
				CLANG_WARN_BOOL_CONVERSION = YES;
				CLANG_WARN_COMMA = YES;
				CLANG_WARN_CONSTANT_CONVERSION = YES;
				CLANG_WARN_DEPRECATED_OBJC_IMPLEMENTATIONS = YES;
				CLANG_WARN_DIRECT_OBJC_ISA_USAGE = YES_ERROR;
				CLANG_WARN_DOCUMENTATION_COMMENTS = YES;
				CLANG_WARN_EMPTY_BODY = YES;
				CLANG_WARN_ENUM_CONVERSION = YES;
				CLANG_WARN_INFINITE_RECURSION = YES;
				CLANG_WARN_INT_CONVERSION = YES;
				CLANG_WARN_NON_LITERAL_NULL_CONVERSION = YES;
				CLANG_WARN_OBJC_IMPLICIT_RETAIN_SELF = YES;
				CLANG_WARN_OBJC_LITERAL_CONVERSION = YES;
				CLANG_WARN_OBJC_ROOT_CLASS = YES_ERROR;
				CLANG_WARN_QUOTED_INCLUDE_IN_FRAMEWORK_HEADER = YES;
				CLANG_WARN_RANGE_LOOP_ANALYSIS = YES;
				CLANG_WARN_STRICT_PROTOTYPES = YES;
				CLANG_WARN_SUSPICIOUS_MOVE = YES;
				CLANG_WARN_UNGUARDED_AVAILABILITY = YES_AGGRESSIVE;
				CLANG_WARN_UNREACHABLE_CODE = YES;
				CLANG_WARN__DUPLICATE_METHOD_MATCH = YES;
				COPY_PHASE_STRIP = NO;
				DEBUG_INFORMATION_FORMAT = dwarf;
				ENABLE_STRICT_OBJC_MSGSEND = YES;
				ENABLE_TESTABILITY = YES;
				GCC_C_LANGUAGE_STANDARD = gnu11;
				GCC_DYNAMIC_NO_PIC = NO;
				GCC_NO_COMMON_BLOCKS = YES;
				GCC_OPTIMIZATION_LEVEL = 0;
				GCC_PREPROCESSOR_DEFINITIONS = (
					"DEBUG=1",
					"$(inherited)",
				);
				GCC_WARN_64_TO_32_BIT_CONVERSION = YES;
				GCC_WARN_ABOUT_RETURN_TYPE = YES_ERROR;
				GCC_WARN_UNDECLARED_SELECTOR = YES;
				GCC_WARN_UNINITIALIZED_AUTOS = YES_AGGRESSIVE;
				GCC_WARN_UNUSED_FUNCTION = YES;
				GCC_WARN_UNUSED_VARIABLE = YES;
				IPHONEOS_DEPLOYMENT_TARGET = 13.3;
				MTL_ENABLE_DEBUG_INFO = INCLUDE_SOURCE;
				MTL_FAST_MATH = YES;
				ONLY_ACTIVE_ARCH = YES;
				SDKROOT = iphoneos;
				SWIFT_ACTIVE_COMPILATION_CONDITIONS = DEBUG;
				SWIFT_OPTIMIZATION_LEVEL = "-Onone";
			};
			name = Debug;
		};
		FC10ED4824EC13A600C11DB0 /* Release */ = {
			isa = XCBuildConfiguration;
			buildSettings = {
				ALWAYS_SEARCH_USER_PATHS = NO;
				CLANG_ANALYZER_NONNULL = YES;
				CLANG_ANALYZER_NUMBER_OBJECT_CONVERSION = YES_AGGRESSIVE;
				CLANG_CXX_LANGUAGE_STANDARD = "gnu++14";
				CLANG_CXX_LIBRARY = "libc++";
				CLANG_ENABLE_MODULES = YES;
				CLANG_ENABLE_OBJC_ARC = YES;
				CLANG_ENABLE_OBJC_WEAK = YES;
				CLANG_WARN_BLOCK_CAPTURE_AUTORELEASING = YES;
				CLANG_WARN_BOOL_CONVERSION = YES;
				CLANG_WARN_COMMA = YES;
				CLANG_WARN_CONSTANT_CONVERSION = YES;
				CLANG_WARN_DEPRECATED_OBJC_IMPLEMENTATIONS = YES;
				CLANG_WARN_DIRECT_OBJC_ISA_USAGE = YES_ERROR;
				CLANG_WARN_DOCUMENTATION_COMMENTS = YES;
				CLANG_WARN_EMPTY_BODY = YES;
				CLANG_WARN_ENUM_CONVERSION = YES;
				CLANG_WARN_INFINITE_RECURSION = YES;
				CLANG_WARN_INT_CONVERSION = YES;
				CLANG_WARN_NON_LITERAL_NULL_CONVERSION = YES;
				CLANG_WARN_OBJC_IMPLICIT_RETAIN_SELF = YES;
				CLANG_WARN_OBJC_LITERAL_CONVERSION = YES;
				CLANG_WARN_OBJC_ROOT_CLASS = YES_ERROR;
				CLANG_WARN_QUOTED_INCLUDE_IN_FRAMEWORK_HEADER = YES;
				CLANG_WARN_RANGE_LOOP_ANALYSIS = YES;
				CLANG_WARN_STRICT_PROTOTYPES = YES;
				CLANG_WARN_SUSPICIOUS_MOVE = YES;
				CLANG_WARN_UNGUARDED_AVAILABILITY = YES_AGGRESSIVE;
				CLANG_WARN_UNREACHABLE_CODE = YES;
				CLANG_WARN__DUPLICATE_METHOD_MATCH = YES;
				COPY_PHASE_STRIP = NO;
				DEBUG_INFORMATION_FORMAT = "dwarf-with-dsym";
				ENABLE_NS_ASSERTIONS = NO;
				ENABLE_STRICT_OBJC_MSGSEND = YES;
				GCC_C_LANGUAGE_STANDARD = gnu11;
				GCC_NO_COMMON_BLOCKS = YES;
				GCC_WARN_64_TO_32_BIT_CONVERSION = YES;
				GCC_WARN_ABOUT_RETURN_TYPE = YES_ERROR;
				GCC_WARN_UNDECLARED_SELECTOR = YES;
				GCC_WARN_UNINITIALIZED_AUTOS = YES_AGGRESSIVE;
				GCC_WARN_UNUSED_FUNCTION = YES;
				GCC_WARN_UNUSED_VARIABLE = YES;
				IPHONEOS_DEPLOYMENT_TARGET = 13.3;
				MTL_ENABLE_DEBUG_INFO = NO;
				MTL_FAST_MATH = YES;
				SDKROOT = iphoneos;
				SWIFT_COMPILATION_MODE = wholemodule;
				SWIFT_OPTIMIZATION_LEVEL = "-O";
				VALIDATE_PRODUCT = YES;
			};
			name = Release;
		};
		FC10ED4A24EC13A600C11DB0 /* Debug */ = {
			isa = XCBuildConfiguration;
			baseConfigurationReference = B0915657F41B648283662861 /* Pods-Kids Safe Heaven.debug.xcconfig */;
			buildSettings = {
				ASSETCATALOG_COMPILER_APPICON_NAME = AppIcon;
				CODE_SIGN_IDENTITY = "iPhone Developer";
				CODE_SIGN_STYLE = Automatic;
				"DEVELOPMENT_TEAM[sdk=*]" = XD52F5MV99;
				INFOPLIST_FILE = "Kids Safe Heaven/Info.plist";
				IPHONEOS_DEPLOYMENT_TARGET = 13.3;
				LD_RUNPATH_SEARCH_PATHS = (
					"$(inherited)",
					"@executable_path/Frameworks",
				);
				PRODUCT_BUNDLE_IDENTIFIER = "edu.monash.Kids-Safe-Heaven";
				PRODUCT_NAME = "$(TARGET_NAME)";
				SWIFT_VERSION = 5.0;
				TARGETED_DEVICE_FAMILY = "1,2";
			};
			name = Debug;
		};
		FC10ED4B24EC13A600C11DB0 /* Release */ = {
			isa = XCBuildConfiguration;
			baseConfigurationReference = 9C71109B66AA796D1F136F93 /* Pods-Kids Safe Heaven.release.xcconfig */;
			buildSettings = {
				ASSETCATALOG_COMPILER_APPICON_NAME = AppIcon;
				CODE_SIGN_IDENTITY = "iPhone Developer";
				CODE_SIGN_STYLE = Automatic;
				DEVELOPMENT_TEAM = XD52F5MV99;
				"DEVELOPMENT_TEAM[sdk=*]" = XD52F5MV99;
				INFOPLIST_FILE = "Kids Safe Heaven/Info.plist";
				IPHONEOS_DEPLOYMENT_TARGET = 13.3;
				LD_RUNPATH_SEARCH_PATHS = (
					"$(inherited)",
					"@executable_path/Frameworks",
				);
				PRODUCT_BUNDLE_IDENTIFIER = "portfolio.farhadrezwan.Kids-Safe-Heaven";
				PRODUCT_NAME = "$(TARGET_NAME)";
				PROVISIONING_PROFILE_SPECIFIER = "";
				SWIFT_VERSION = 5.0;
				TARGETED_DEVICE_FAMILY = "1,2";
			};
			name = Release;
		};
/* End XCBuildConfiguration section */

/* Begin XCConfigurationList section */
		FC10ED3024EC13A200C11DB0 /* Build configuration list for PBXProject "Kids Safe Heaven" */ = {
			isa = XCConfigurationList;
			buildConfigurations = (
				FC10ED4724EC13A600C11DB0 /* Debug */,
				FC10ED4824EC13A600C11DB0 /* Release */,
			);
			defaultConfigurationIsVisible = 0;
			defaultConfigurationName = Debug;
		};
		FC10ED4924EC13A600C11DB0 /* Build configuration list for PBXNativeTarget "Kids Safe Heaven" */ = {
			isa = XCConfigurationList;
			buildConfigurations = (
				FC10ED4A24EC13A600C11DB0 /* Debug */,
				FC10ED4B24EC13A600C11DB0 /* Release */,
			);
			defaultConfigurationIsVisible = 0;
			defaultConfigurationName = Debug;
		};
/* End XCConfigurationList section */

/* Begin XCVersionGroup section */
		FC6C299C250EDE060007FEE0 /* UserDataModel.xcdatamodeld */ = {
			isa = XCVersionGroup;
			children = (
				FC6C299D250EDE060007FEE0 /* UserDataModel.xcdatamodel */,
			);
			currentVersion = FC6C299D250EDE060007FEE0 /* UserDataModel.xcdatamodel */;
			path = UserDataModel.xcdatamodeld;
			sourceTree = "<group>";
			versionGroupType = wrapper.xcdatamodel;
		};
/* End XCVersionGroup section */
	};
	rootObject = FC10ED2D24EC13A200C11DB0 /* Project object */;
}
